{
  "version": "5",
  "specifiers": {
    "npm:@types/node@*": "22.15.15",
    "npm:zlib-sync@*": "0.1.10"
  },
  "npm": {
    "@types/node@22.15.15": {
      "integrity": "sha512-R5muMcZob3/Jjchn5LcO8jdKwSCbzqmPB6ruBxMcf9kbxtniZHP327s6C37iOfuw8mbKK3cAQa7sEl7afLrQ8A==",
      "dependencies": [
        "undici-types"
      ]
    },
    "nan@2.23.0": {
      "integrity": "sha512-1UxuyYGdoQHcGg87Lkqm3FzefucTa0NAiOcuRsDmysep3c1LVCRK2krrUDafMWtjSG04htvAmvg96+SDknOmgQ=="
    },
    "undici-types@6.21.0": {
      "integrity": "sha512-iwDZqg0QAGrg9Rav5H4n0M64c3mkR59cJ6wQp+7C4nI0gsmExaedaYLNO44eT4AtBBwjbTiGPMlt2Md0T9H9JQ=="
    },
    "zlib-sync@0.1.10": {
      "integrity": "sha512-t7/pYg5tLBznL1RuhmbAt8rNp5tbhr+TSrJFnMkRtrGIaPJZ6Dc0uR4u3OoQI2d6cGlVI62E3Gy6gwkxyIqr/w==",
      "dependencies": [
        "nan"
      ],
      "scripts": true
    }
  },
  "redirects": {
    "https://esm.sh/@aws-sdk/client-dynamodb@^3.782.0?target=denonext": "https://esm.sh/@aws-sdk/client-dynamodb@3.848.0?target=denonext",
    "https://esm.sh/@aws-sdk/util-dynamodb@^3.782.0?target=denonext": "https://esm.sh/@aws-sdk/util-dynamodb@3.848.0?target=denonext",
    "https://esm.sh/@discordjs/builders@^1.11.2?target=denonext": "https://esm.sh/@discordjs/builders@1.11.2?target=denonext",
    "https://esm.sh/@discordjs/collection@^2.1.0?target=denonext": "https://esm.sh/@discordjs/collection@2.1.1?target=denonext",
    "https://esm.sh/@discordjs/collection@^2.1.1?target=denonext": "https://esm.sh/@discordjs/collection@2.1.1?target=denonext",
    "https://esm.sh/@discordjs/formatters@^0.6.1?target=denonext": "https://esm.sh/@discordjs/formatters@0.6.1?target=denonext",
    "https://esm.sh/@discordjs/rest@^2.5.0?target=denonext": "https://esm.sh/@discordjs/rest@2.5.1?target=denonext",
    "https://esm.sh/@discordjs/util@^1.1.0?target=denonext": "https://esm.sh/@discordjs/util@1.1.1?target=denonext",
    "https://esm.sh/@discordjs/util@^1.1.1?target=denonext": "https://esm.sh/@discordjs/util@1.1.1?target=denonext",
    "https://esm.sh/@discordjs/ws@^1.2.2?target=denonext": "https://esm.sh/@discordjs/ws@1.2.3?target=denonext",
    "https://esm.sh/@sapphire/async-queue@^1.5.2?target=denonext": "https://esm.sh/@sapphire/async-queue@1.5.5?target=denonext",
    "https://esm.sh/@sapphire/async-queue@^1.5.3?target=denonext": "https://esm.sh/@sapphire/async-queue@1.5.5?target=denonext",
    "https://esm.sh/@sapphire/shapeshift@^4.0.0?target=denonext": "https://esm.sh/@sapphire/shapeshift@4.0.0?target=denonext",
    "https://esm.sh/@sapphire/snowflake@^3.5.3?target=denonext": "https://esm.sh/@sapphire/snowflake@3.5.5?target=denonext",
    "https://esm.sh/@smithy/config-resolver@^4.1.4?target=denonext": "https://esm.sh/@smithy/config-resolver@4.1.4?target=denonext",
    "https://esm.sh/@smithy/core@^3.7.0/protocols?target=denonext": "https://esm.sh/@smithy/core@3.7.1/protocols?target=denonext",
    "https://esm.sh/@smithy/core@^3.7.0/schema?target=denonext": "https://esm.sh/@smithy/core@3.7.1/schema?target=denonext",
    "https://esm.sh/@smithy/core@^3.7.0/serde?target=denonext": "https://esm.sh/@smithy/core@3.7.1/serde?target=denonext",
    "https://esm.sh/@smithy/core@^3.7.0?target=denonext": "https://esm.sh/@smithy/core@3.7.1?target=denonext",
    "https://esm.sh/@smithy/core@^3.7.1/protocols?target=denonext": "https://esm.sh/@smithy/core@3.7.1/protocols?target=denonext",
    "https://esm.sh/@smithy/core@^3.7.1/serde?target=denonext": "https://esm.sh/@smithy/core@3.7.1/serde?target=denonext",
    "https://esm.sh/@smithy/core@^3.7.1?target=denonext": "https://esm.sh/@smithy/core@3.7.1?target=denonext",
    "https://esm.sh/@smithy/credential-provider-imds@^4.0.6?target=denonext": "https://esm.sh/@smithy/credential-provider-imds@4.0.6?target=denonext",
    "https://esm.sh/@smithy/fetch-http-handler@^5.1.0?target=denonext": "https://esm.sh/@smithy/fetch-http-handler@5.1.0?target=denonext",
    "https://esm.sh/@smithy/hash-node@^4.0.4?target=denonext": "https://esm.sh/@smithy/hash-node@4.0.4?target=denonext",
    "https://esm.sh/@smithy/is-array-buffer@^4.0.0?target=denonext": "https://esm.sh/@smithy/is-array-buffer@4.0.0?target=denonext",
    "https://esm.sh/@smithy/middleware-content-length@^4.0.4?target=denonext": "https://esm.sh/@smithy/middleware-content-length@4.0.4?target=denonext",
    "https://esm.sh/@smithy/middleware-endpoint@^4.1.15?target=denonext": "https://esm.sh/@smithy/middleware-endpoint@4.1.16?target=denonext",
    "https://esm.sh/@smithy/middleware-retry@^4.1.16?target=denonext": "https://esm.sh/@smithy/middleware-retry@4.1.17?target=denonext",
    "https://esm.sh/@smithy/middleware-serde@^4.0.8?target=denonext": "https://esm.sh/@smithy/middleware-serde@4.0.8?target=denonext",
    "https://esm.sh/@smithy/middleware-stack@^4.0.4?target=denonext": "https://esm.sh/@smithy/middleware-stack@4.0.4?target=denonext",
    "https://esm.sh/@smithy/node-config-provider@^4.1.3?target=denonext": "https://esm.sh/@smithy/node-config-provider@4.1.3?target=denonext",
    "https://esm.sh/@smithy/node-http-handler@^4.1.0?target=denonext": "https://esm.sh/@smithy/node-http-handler@4.1.0?target=denonext",
    "https://esm.sh/@smithy/property-provider@^4.0.4?target=denonext": "https://esm.sh/@smithy/property-provider@4.0.4?target=denonext",
    "https://esm.sh/@smithy/protocol-http@^5.1.2?target=denonext": "https://esm.sh/@smithy/protocol-http@5.1.2?target=denonext",
    "https://esm.sh/@smithy/querystring-builder@^4.0.4?target=denonext": "https://esm.sh/@smithy/querystring-builder@4.0.4?target=denonext",
    "https://esm.sh/@smithy/querystring-parser@^4.0.4?target=denonext": "https://esm.sh/@smithy/querystring-parser@4.0.4?target=denonext",
    "https://esm.sh/@smithy/service-error-classification@^4.0.6?target=denonext": "https://esm.sh/@smithy/service-error-classification@4.0.6?target=denonext",
    "https://esm.sh/@smithy/shared-ini-file-loader@^4.0.4?target=denonext": "https://esm.sh/@smithy/shared-ini-file-loader@4.0.4?target=denonext",
    "https://esm.sh/@smithy/signature-v4@^5.1.2?target=denonext": "https://esm.sh/@smithy/signature-v4@5.1.2?target=denonext",
    "https://esm.sh/@smithy/smithy-client@^4.4.7?target=denonext": "https://esm.sh/@smithy/smithy-client@4.4.8?target=denonext",
    "https://esm.sh/@smithy/smithy-client@^4.4.8?target=denonext": "https://esm.sh/@smithy/smithy-client@4.4.8?target=denonext",
    "https://esm.sh/@smithy/types@^4.3.1?target=denonext": "https://esm.sh/@smithy/types@4.3.1?target=denonext",
    "https://esm.sh/@smithy/url-parser@^4.0.4?target=denonext": "https://esm.sh/@smithy/url-parser@4.0.4?target=denonext",
    "https://esm.sh/@smithy/util-base64@^4.0.0?target=denonext": "https://esm.sh/@smithy/util-base64@4.0.0?target=denonext",
    "https://esm.sh/@smithy/util-body-length-browser@^4.0.0?target=denonext": "https://esm.sh/@smithy/util-body-length-browser@4.0.0?target=denonext",
    "https://esm.sh/@smithy/util-body-length-node@^4.0.0?target=denonext": "https://esm.sh/@smithy/util-body-length-node@4.0.0?target=denonext",
    "https://esm.sh/@smithy/util-buffer-from@^4.0.0?target=denonext": "https://esm.sh/@smithy/util-buffer-from@4.0.0?target=denonext",
    "https://esm.sh/@smithy/util-config-provider@^4.0.0?target=denonext": "https://esm.sh/@smithy/util-config-provider@4.0.0?target=denonext",
    "https://esm.sh/@smithy/util-defaults-mode-node@^4.0.23?target=denonext": "https://esm.sh/@smithy/util-defaults-mode-node@4.0.24?target=denonext",
    "https://esm.sh/@smithy/util-endpoints@^3.0.6?target=denonext": "https://esm.sh/@smithy/util-endpoints@3.0.6?target=denonext",
    "https://esm.sh/@smithy/util-hex-encoding@^4.0.0?target=denonext": "https://esm.sh/@smithy/util-hex-encoding@4.0.0?target=denonext",
    "https://esm.sh/@smithy/util-middleware@^4.0.4?target=denonext": "https://esm.sh/@smithy/util-middleware@4.0.4?target=denonext",
    "https://esm.sh/@smithy/util-retry@^4.0.6?target=denonext": "https://esm.sh/@smithy/util-retry@4.0.6?target=denonext",
    "https://esm.sh/@smithy/util-stream@^4.2.3?target=denonext": "https://esm.sh/@smithy/util-stream@4.2.3?target=denonext",
    "https://esm.sh/@smithy/util-uri-escape@^4.0.0?target=denonext": "https://esm.sh/@smithy/util-uri-escape@4.0.0?target=denonext",
    "https://esm.sh/@smithy/util-utf8@^4.0.0?target=denonext": "https://esm.sh/@smithy/util-utf8@4.0.0?target=denonext",
    "https://esm.sh/@smithy/util-waiter@^4.0.6?target=denonext": "https://esm.sh/@smithy/util-waiter@4.0.6?target=denonext",
    "https://esm.sh/@types/combined-stream@~1.0.6/index.d.ts": "https://esm.sh/@types/combined-stream@1.0.6/index.d.ts",
    "https://esm.sh/@types/debug@~4.1.12/index.d.ts": "https://esm.sh/@types/debug@4.1.12/index.d.ts",
    "https://esm.sh/@types/follow-redirects@~1.14.4/index.d.ts": "https://esm.sh/@types/follow-redirects@1.14.4/index.d.ts",
    "https://esm.sh/@types/lodash@~4.17.14/get.d.ts": "https://esm.sh/@types/lodash@4.17.20/get.d.ts",
    "https://esm.sh/@types/lodash@~4.17.14/uniqWith.d.ts": "https://esm.sh/@types/lodash@4.17.20/uniqWith.d.ts",
    "https://esm.sh/@types/mime-types@~2.1.4/index.d.ts": "https://esm.sh/@types/mime-types@2.1.4/index.d.ts",
    "https://esm.sh/@types/proxy-from-env@~1.0.4/index.d.ts": "https://esm.sh/@types/proxy-from-env@1.0.4/index.d.ts",
    "https://esm.sh/@types/uuid@~9.0.8/index.d.mts": "https://esm.sh/@types/uuid@9.0.8/index.d.mts",
    "https://esm.sh/@types/ws@~8.18.1/index.d.mts": "https://esm.sh/@types/ws@8.18.1/index.d.mts",
    "https://esm.sh/@vladfrangu/async_event_emitter@^2.2.4?target=denonext": "https://esm.sh/@vladfrangu/async_event_emitter@2.4.6?target=denonext",
    "https://esm.sh/@vladfrangu/async_event_emitter@^2.4.6?target=denonext": "https://esm.sh/@vladfrangu/async_event_emitter@2.4.6?target=denonext",
    "https://esm.sh/asynckit@^0.4.0?target=denonext": "https://esm.sh/asynckit@0.4.0?target=denonext",
    "https://esm.sh/bufferutil@^4.0.1?target=denonext": "https://esm.sh/bufferutil@4.0.9?target=denonext",
    "https://esm.sh/combined-stream@^1.0.8?target=denonext": "https://esm.sh/combined-stream@1.0.8?target=denonext",
    "https://esm.sh/debug?target=denonext": "https://esm.sh/debug@4.4.1?target=denonext",
    "https://esm.sh/delayed-stream@~1.0.0?target=denonext": "https://esm.sh/delayed-stream@1.0.0?target=denonext",
    "https://esm.sh/discord-api-types@^0.38.1/v10?target=denonext": "https://esm.sh/discord-api-types@0.38.16/v10?target=denonext",
    "https://esm.sh/dynamoose-utils@^4.0.4?target=denonext": "https://esm.sh/dynamoose-utils@4.0.4?target=denonext",
    "https://esm.sh/fast-deep-equal@^3.1.3/es6/index?target=denonext": "https://esm.sh/fast-deep-equal@3.1.3/es6/index?target=denonext",
    "https://esm.sh/fast-deep-equal@^3.1.3?target=denonext": "https://esm.sh/fast-deep-equal@3.1.3?target=denonext",
    "https://esm.sh/follow-redirects@^1.15.6?target=denonext": "https://esm.sh/follow-redirects@1.15.9?target=denonext",
    "https://esm.sh/form-data@^4.0.0?target=denonext": "https://esm.sh/form-data@4.0.4?target=denonext",
    "https://esm.sh/js-object-utilities@^2.2.1?target=denonext": "https://esm.sh/js-object-utilities@2.2.1?target=denonext",
    "https://esm.sh/lodash@^4.17.21/get?target=denonext": "https://esm.sh/lodash@4.17.21/get?target=denonext",
    "https://esm.sh/lodash@^4.17.21/uniqWith?target=denonext": "https://esm.sh/lodash@4.17.21/uniqWith?target=denonext",
    "https://esm.sh/magic-bytes.js@^1.10.0?target=denonext": "https://esm.sh/magic-bytes.js@1.12.1?target=denonext",
    "https://esm.sh/mime-types@^2.1.12?target=denonext": "https://esm.sh/mime-types@2.1.35?target=denonext",
    "https://esm.sh/ms@^2.1.3?target=denonext": "https://esm.sh/ms@2.1.3?target=denonext",
    "https://esm.sh/node-gyp-build@^4.3.0?target=denonext": "https://esm.sh/node-gyp-build@4.8.4?target=denonext",
    "https://esm.sh/obliterator@^1.6.1/foreach?target=denonext": "https://esm.sh/obliterator@1.6.1/foreach?target=denonext",
    "https://esm.sh/obliterator@^1.6.1/iterator?target=denonext": "https://esm.sh/obliterator@1.6.1/iterator?target=denonext",
    "https://esm.sh/proxy-from-env@^1.1.0?target=denonext": "https://esm.sh/proxy-from-env@1.1.0?target=denonext",
    "https://esm.sh/strnum@^2.1.0?target=denonext": "https://esm.sh/strnum@2.1.1?target=denonext",
    "https://esm.sh/supports-color?target=denonext": "https://esm.sh/supports-color@10.0.0?target=denonext",
    "https://esm.sh/ts-mixer@^6.0.4?target=denonext": "https://esm.sh/ts-mixer@6.0.4?target=denonext",
    "https://esm.sh/tslib@^2.6.3?target=denonext": "https://esm.sh/tslib@2.8.1?target=denonext",
    "https://esm.sh/utf-8-validate@%3E=5.0.2?target=denonext": "https://esm.sh/utf-8-validate@6.0.5?target=denonext",
    "https://esm.sh/uuid@^9.0.1?target=denonext": "https://esm.sh/uuid@9.0.1?target=denonext",
    "https://esm.sh/ws@^8.17.0?target=denonext": "https://esm.sh/ws@8.18.3?target=denonext"
  },
  "remote": {
    "https://deno.land/std@0.150.0/media_types/_util.ts": "ce9b4fc4ba1c447dafab619055e20fd88236ca6bdd7834a21f98bd193c3fbfa1",
    "https://deno.land/std@0.150.0/media_types/mod.ts": "2d4b6f32a087029272dc59e0a55ae3cc4d1b27b794ccf528e94b1925795b3118",
    "https://deno.land/std@0.150.0/media_types/vendor/mime-db.v1.52.0.ts": "724cee25fa40f1a52d3937d6b4fbbfdd7791ff55e1b7ac08d9319d5632c7f5af",
    "https://deno.land/x/xhr@0.3.0/mod.ts": "094aacd627fd9635cd942053bf8032b5223b909858fa9dc8ffa583752ff63b20",
    "https://esm.sh/@aws-sdk/client-dynamodb@3.848.0/denonext/client-dynamodb.mjs": "3998abdc3b945c3cd99b47d32dc56ca93e5f2dbbd43e8c51dcc7a486aa45fcb0",
    "https://esm.sh/@aws-sdk/client-dynamodb@3.848.0?target=denonext": "19ff8ae269057965cd5b6e993496798d94aaa2a795773d92af8f2225d52cd460",
    "https://esm.sh/@aws-sdk/client-sso@3.848.0/denonext/client-sso.mjs": "549f3d450f5e269b6afa162ea5bec569e62801663077da31bdb0392941765047",
    "https://esm.sh/@aws-sdk/core@3.846.0/denonext/account-id-endpoint.mjs": "ab3ad3e227b1ed30c5a917154d3f9a84c1561c4807a54b0beec28e1e8af0d613",
    "https://esm.sh/@aws-sdk/core@3.846.0/denonext/client.mjs": "aca3117a8097f952662072c680e55331f951bddd030862381fd469e101d5f265",
    "https://esm.sh/@aws-sdk/core@3.846.0/denonext/core.mjs": "6df8e522f35145dad9ce46efb11eb11ba77e945049aee1b291d00bf1acfa341f",
    "https://esm.sh/@aws-sdk/core@3.846.0/denonext/dist-es/submodules/httpAuthSchemes/aws_sdk.mjs": "86096504c7c91bdb9f098716427ffcb2767110a0d19faf90aef6fa244218aff9",
    "https://esm.sh/@aws-sdk/core@3.846.0/denonext/httpAuthSchemes.mjs": "8569f1ccf18ae808b53ba4912827613b6d00cdb7e01b1f8f07e737457f90f21b",
    "https://esm.sh/@aws-sdk/core@3.846.0/denonext/protocols.mjs": "8709421d93015c76939ff277754de979bdf765b5ed8c0646b6ee9b6a482b6c4d",
    "https://esm.sh/@aws-sdk/credential-provider-env@3.846.0/denonext/credential-provider-env.mjs": "1cfff0ce62883624b1b61d4ea8abb0c180b3e180f29315fd05ecafcd098664a2",
    "https://esm.sh/@aws-sdk/credential-provider-http@3.846.0/denonext/credential-provider-http.mjs": "0cdf50117aea858f492ca4b52941fafef8b2533028a4e382f69a8c9ff8a213a7",
    "https://esm.sh/@aws-sdk/credential-provider-ini@3.848.0/denonext/credential-provider-ini.mjs": "b8a74dc31a3c11869f65b110a4612c96bf5f96ce02214b25c212934a024c617f",
    "https://esm.sh/@aws-sdk/credential-provider-node@3.848.0/denonext/credential-provider-node.mjs": "556ca76ac7cd59ed14d682a9323dc9a26c58e2a59f385ca61070d14410d3ce1c",
    "https://esm.sh/@aws-sdk/credential-provider-process@3.846.0/denonext/credential-provider-process.mjs": "23ef830a12b321209d28ad2866db431635b3807f09428d77e341689c1cb57998",
    "https://esm.sh/@aws-sdk/credential-provider-sso@3.848.0/denonext/credential-provider-sso.mjs": "11e6e2af221ddb2f1dacaa8f137b2e956920f1713453b2f3ca7de97a8915e83d",
    "https://esm.sh/@aws-sdk/credential-provider-sso@3.848.0/denonext/dist-es/loadSso.mjs": "2fc0c30b0ef3f70a61fe1b3d182f759fb6d3c40d6ffe97f9697766b1c2f75a4c",
    "https://esm.sh/@aws-sdk/credential-provider-web-identity@3.848.0/denonext/credential-provider-web-identity.mjs": "c7fd677ee50165eabdfe877869d56da39297958ed9a459ec238bf9dacb101bdf",
    "https://esm.sh/@aws-sdk/endpoint-cache@3.804.0/denonext/endpoint-cache.mjs": "1111786618d04cb555e842127bc9f1516ad5d3d23ae1252b98201c20d7462e5a",
    "https://esm.sh/@aws-sdk/middleware-endpoint-discovery@3.840.0/denonext/middleware-endpoint-discovery.mjs": "b1df83c8529a0825d655785a30a87e42af4d733a8a941457da33408143f22679",
    "https://esm.sh/@aws-sdk/middleware-host-header@3.840.0/denonext/middleware-host-header.mjs": "5e6baea0a39b2203ad129ef502788d8c871bcd46637a5568a361f8d15d4ab1b0",
    "https://esm.sh/@aws-sdk/middleware-logger@3.840.0/denonext/middleware-logger.mjs": "e1b6d2897e1b6429ff64f3f865785ea0021033236626bc29c977a3f0ead00c47",
    "https://esm.sh/@aws-sdk/middleware-recursion-detection@3.840.0/denonext/middleware-recursion-detection.mjs": "fc56886d10ff243758fe7cb0bb896184616f48e54c652172de98c3ec3ac73656",
    "https://esm.sh/@aws-sdk/middleware-user-agent@3.848.0/denonext/middleware-user-agent.mjs": "477420f83e867d6fc2057e656a7677093561b236b4b39f92d3cf81d71429e4de",
    "https://esm.sh/@aws-sdk/nested-clients@3.848.0/denonext/sso-oidc.mjs": "26fccf684ace3de92d49723c50090e1ab5385e28ade7a2c48f2288546a2903ea",
    "https://esm.sh/@aws-sdk/nested-clients@3.848.0/denonext/sts.mjs": "4ef02d339c9a62d6708aa7c1dfb8fa992e28b94f6cc6c11648fd9ebc1d33814d",
    "https://esm.sh/@aws-sdk/nested-clients@3.848.0/package.json?module": "9ebbdd48b10f2893f205806b8388901bdc621b764a9efb5f05783ed920e4e2f8",
    "https://esm.sh/@aws-sdk/region-config-resolver@3.840.0/denonext/region-config-resolver.mjs": "83c6221328d4e84ba7848b26a3d7fe19b8473f8a15c18ed5b94984dd982c6750",
    "https://esm.sh/@aws-sdk/token-providers@3.848.0/denonext/token-providers.mjs": "c2ba0114e10db7393e0ffca23772fec9f335cbccf0d585b5c0bb6103de6532c3",
    "https://esm.sh/@aws-sdk/util-dynamodb@3.848.0/denonext/util-dynamodb.mjs": "36b37eae6d7a35ffb0d31631c67397da7bc70e84571bade58ca68783761a09a1",
    "https://esm.sh/@aws-sdk/util-dynamodb@3.848.0?target=denonext": "cd7b1c2315366b2676cd21a311fc30440b397efb0f9918e224f7a9219698074f",
    "https://esm.sh/@aws-sdk/util-endpoints@3.848.0/denonext/util-endpoints.mjs": "86145db0425bb0d1e29782072c0f79096d69e36dc2a4e2d1edad67d19612c3c0",
    "https://esm.sh/@aws-sdk/util-user-agent-node@3.848.0/denonext/util-user-agent-node.mjs": "4826c8e1e34abb1aadc8859103c6b849339d7899c265260ad891a2f82e6077c3",
    "https://esm.sh/@aws-sdk/xml-builder@3.821.0/denonext/xml-builder.mjs": "b69012c7f6b00242f0367f1f3860ebe0275c47d7327926c14956a5f33fe78b22",
    "https://esm.sh/@discordjs/builders@1.11.2/denonext/builders.mjs": "7c2853fa70fbc9b54db5dbe29f5a82887a057da02534322e6970d3bfaaefd358",
    "https://esm.sh/@discordjs/builders@1.11.2?target=denonext": "28872a197d9b33002d2fcc6bf6cc392b1622d3631c21e83745effde06930a127",
    "https://esm.sh/@discordjs/collection@1.5.3/denonext/collection.mjs": "204c25a11fb3f03d7bb2245cfa30eb0a9618a6020b0367d3394cb4621626443a",
    "https://esm.sh/@discordjs/collection@2.1.1/denonext/collection.mjs": "e3ddc1605572e56423d56cc1dc80df4eeb85c8af413efb7fd593a0ebbaf84a4d",
    "https://esm.sh/@discordjs/collection@2.1.1?target=denonext": "ffb5109df54578cdfd0a1b4a89c78915af017dcbdd3036995e77da569eb1c8d1",
    "https://esm.sh/@discordjs/formatters@0.6.1/denonext/formatters.mjs": "3a3a644c5db8f0471cb8e7145a1b1c4195d20095b003e356aea2c126a7f803cf",
    "https://esm.sh/@discordjs/formatters@0.6.1?target=denonext": "0a886c857434bbd5a67fb3f93ae9737a76bd34b717b0ff7d63be79be5104d4ed",
    "https://esm.sh/@discordjs/rest@2.5.1/denonext/rest.mjs": "f9721768f3b7afac383d0a0f0807e09839283d06c95fa1032a679197fbd60c43",
    "https://esm.sh/@discordjs/rest@2.5.1?target=denonext": "91048f5353c5eb3bb996b616844a5fc43e5087f27388ffe8539c96b01240666b",
    "https://esm.sh/@discordjs/util@1.1.1/denonext/util.mjs": "958fa04b462153eef5412e698cf44012ba6c3ec93267ca8e18cd1a82aa9e2abd",
    "https://esm.sh/@discordjs/util@1.1.1?target=denonext": "749e2300a11d45aaaba6b8419fb5d6bdcac225be4f7b402011b87b19135daeb8",
    "https://esm.sh/@discordjs/ws@1.2.3/denonext/ws.mjs": "f40212009cf0f806d1f2ac67d78d43eaba52603f149c47ff1a3f04293223566f",
    "https://esm.sh/@discordjs/ws@1.2.3?target=denonext": "f518c15f33c6273a2325bc25aafe50b87f275e53b96d61f1d1ef7a0c4ffd3b97",
    "https://esm.sh/@sapphire/async-queue@1.5.5/denonext/async-queue.mjs": "5ff23af6fafa22a39a9f5a08cfcdea3d68cb192e3a4281ce66bea12a0480ad90",
    "https://esm.sh/@sapphire/async-queue@1.5.5?target=denonext": "8eb504c5bd0cbfa5daae279d88c787bc556f34980f6caff53766487f970465ca",
    "https://esm.sh/@sapphire/shapeshift@4.0.0/denonext/shapeshift.mjs": "ce4f2eb4cb365485ad26ab3d3701d6b55d69f859f432980f28b96f81e3f5a11f",
    "https://esm.sh/@sapphire/shapeshift@4.0.0?target=denonext": "dc6ceea6770e01db6d19667e17b383dc811571f2233c014dc324921459bfe21f",
    "https://esm.sh/@sapphire/snowflake@3.5.3/denonext/snowflake.mjs": "b52aafaa0ada4462013840c573fef73e6976567e67e52bc426c6e1897b6dac99",
    "https://esm.sh/@sapphire/snowflake@3.5.5/denonext/snowflake.mjs": "7ecffe1a3318ef5f198e69f34899343fd307c5ef4e919f4020782d1c3ed7d50d",
    "https://esm.sh/@sapphire/snowflake@3.5.5?target=denonext": "7d9b7eeac9431220342a9d05092bda40426b168f0c5370a988726c38ddf1dbbe",
    "https://esm.sh/@smithy/config-resolver@4.1.4/denonext/config-resolver.mjs": "fd3e7311497e2e78f2ad054c7242246b8b1f9d02dc5ed2cd565dc19ceef677e9",
    "https://esm.sh/@smithy/config-resolver@4.1.4?target=denonext": "09c91efc9210b845612ef894a1a910baacb6a3ae6fc1dfe0ec3d302117214f98",
    "https://esm.sh/@smithy/core@3.7.1/denonext/core.mjs": "6b33a02ca5b51ddfad1937d16412e0a3b2a6ecd1d76ea11851dfc677ba1aec93",
    "https://esm.sh/@smithy/core@3.7.1/denonext/protocols.mjs": "b75d7853087b8feb97f0852f7fe6ce89a05c98ec410054b2356e9bc268c6fc46",
    "https://esm.sh/@smithy/core@3.7.1/denonext/schema.mjs": "8fb20a3d3bd3aaa13e58d49a81798809bee9b0bef3f08c6270ca1ee1e9d87eb5",
    "https://esm.sh/@smithy/core@3.7.1/denonext/serde.mjs": "a989b896241b3546233a5e8e23471de0de78d7aa70c120702425b6c0006b2cc1",
    "https://esm.sh/@smithy/core@3.7.1/protocols?target=denonext": "d74311f9d278ea26e6656b6e6d9f1be04eff0c4efd3e47df26945313ca56c50e",
    "https://esm.sh/@smithy/core@3.7.1/schema?target=denonext": "2da8e9c87b12e35db0899c668ad761db7332a6a22e2b540597eb5bc3e29fc098",
    "https://esm.sh/@smithy/core@3.7.1/serde?target=denonext": "98ed3510bf36be4dc78a36917c14afee34743c9da61f718d3f17ef8e2593ba7f",
    "https://esm.sh/@smithy/core@3.7.1?target=denonext": "9f7f8ca596da6a49469951f46a219dc1e8c462091c0a6bf06c0321945a3673ab",
    "https://esm.sh/@smithy/credential-provider-imds@4.0.6/denonext/credential-provider-imds.mjs": "2841bff9492f1fd71e764723407e7feb0f7469e5a43b5303c3292357962654ee",
    "https://esm.sh/@smithy/credential-provider-imds@4.0.6?target=denonext": "7185959d6075e5d3389924e3c81319d84cf7b3c4add089b0b29d4d614f0e415b",
    "https://esm.sh/@smithy/fetch-http-handler@5.1.0/denonext/fetch-http-handler.mjs": "f905bc91ee72a4fa1f226ff874783becec354184367989528f9f7e11da8e6f08",
    "https://esm.sh/@smithy/fetch-http-handler@5.1.0?target=denonext": "48351cef8d46b54d0601ac3f88cdfab02e4e96438970d92665027bc5482f4681",
    "https://esm.sh/@smithy/hash-node@4.0.4/denonext/hash-node.mjs": "2e9561986d329f9ebb29560d11e61e020d7a9c7ecc6196acbb8774b94255e5df",
    "https://esm.sh/@smithy/hash-node@4.0.4?target=denonext": "04c5ec025150f376457b7d33c653d7f9b06d7188db9de24290665fe5ba8c5b19",
    "https://esm.sh/@smithy/is-array-buffer@4.0.0/denonext/is-array-buffer.mjs": "359dcec65ba4269c2d58164743b4df7b27b9f9ed894ef1bd800834abea36166d",
    "https://esm.sh/@smithy/is-array-buffer@4.0.0?target=denonext": "e09e8b87b4b646da212a4a0ea26741677fb3e7d973862ade229fa40234e6e4ff",
    "https://esm.sh/@smithy/middleware-content-length@4.0.4/denonext/middleware-content-length.mjs": "e03a7ae17bf44c1aba41359a66a4ac83cbf7f64853578a5eb9df8a8ef33d0170",
    "https://esm.sh/@smithy/middleware-content-length@4.0.4?target=denonext": "b802a7762dd2e141a75d5f2051387fd27276dcda0152976b81ac26c5b2441a33",
    "https://esm.sh/@smithy/middleware-endpoint@4.1.16/denonext/middleware-endpoint.mjs": "7cfdf6219a0889080142a2d60d122237111d507df51480082e81b48c04d8a63e",
    "https://esm.sh/@smithy/middleware-endpoint@4.1.16?target=denonext": "e2d317d2689a1e8c685dad9ab97d09584c981a5ddcff45abf84e1c3a0f26c973",
    "https://esm.sh/@smithy/middleware-retry@4.1.17/denonext/middleware-retry.mjs": "88f192114f3148dac4f138bf98f0513decdc9fb732c9315d630880eb10a140f0",
    "https://esm.sh/@smithy/middleware-retry@4.1.17?target=denonext": "f2e80cb7e02c2d9f3ef88075a5cd6a027fb445a71731688f204b46e45d2543e3",
    "https://esm.sh/@smithy/middleware-serde@4.0.8/denonext/middleware-serde.mjs": "ef06696132251c3ebde677b5c0d3cf49a99ab181ec66cd02654a37caad2c02b1",
    "https://esm.sh/@smithy/middleware-serde@4.0.8?target=denonext": "9f86e9f0b0c5d6f3aa5351e498ffce9fbabc517153d88517a8658a0b4274eb40",
    "https://esm.sh/@smithy/middleware-stack@4.0.4/denonext/middleware-stack.mjs": "0e4b2eebf2115faf9a38efb3624a8010969cab0b680ccd5eb9005972e75b852d",
    "https://esm.sh/@smithy/middleware-stack@4.0.4?target=denonext": "1948e33ec0c21ad2a8e9c62aef985ad05d9ecc467a4d856536083ddda4a97183",
    "https://esm.sh/@smithy/node-config-provider@4.1.3/denonext/node-config-provider.mjs": "b906fb09cb93d854f6a4c10b8ce33dc13f2f81416e3409a2b82c69922409f75e",
    "https://esm.sh/@smithy/node-config-provider@4.1.3?target=denonext": "52a15f1c394c33695983d56e8fb1a336661a5bf898fecd36ab987196e5bafa31",
    "https://esm.sh/@smithy/node-http-handler@4.1.0/denonext/node-http-handler.mjs": "ea6d95561527d372c27a0e923c1dbe359d8babefa05c27766898a406548cc37e",
    "https://esm.sh/@smithy/node-http-handler@4.1.0?target=denonext": "42430c0090989c86c68baca48b703ca43b9919ad3920a42fa5ae213e112ad9fc",
    "https://esm.sh/@smithy/property-provider@4.0.4/denonext/property-provider.mjs": "9102d5ab6977bfc618e3dc00105cdbc3e11ea8c4c81935bb0011e8504e8d521e",
    "https://esm.sh/@smithy/property-provider@4.0.4?target=denonext": "debffd03e07911f1b916190a1e99731d843225551b5f4ff4f9e588a918126862",
    "https://esm.sh/@smithy/protocol-http@5.1.2/denonext/protocol-http.mjs": "360e9bc4410baa3a184775f440e2f8bfa64ba5a4c3134c57b09784bb9bda7533",
    "https://esm.sh/@smithy/protocol-http@5.1.2?target=denonext": "ae99a8d745b8f05bf00896ddac062ab191641603793f34502840eb076c7bd269",
    "https://esm.sh/@smithy/querystring-builder@4.0.4/denonext/querystring-builder.mjs": "c5d385697cc4500db61e11744a4d891a781f437dab6f64a4cb6a2a310cc57d1d",
    "https://esm.sh/@smithy/querystring-builder@4.0.4?target=denonext": "65283c6a4259b74fcccec90db502a239a06defea632f5c40d3dd98df46d60739",
    "https://esm.sh/@smithy/querystring-parser@4.0.4/denonext/querystring-parser.mjs": "40c482dab303942dbdd8d9ee35f80b62ac534bf5f8713efa4b0b8727e03e19fa",
    "https://esm.sh/@smithy/querystring-parser@4.0.4?target=denonext": "cc8e616a8f284a047a52290706fba1e65ae2f5da13a5790af8210e8f652beab8",
    "https://esm.sh/@smithy/service-error-classification@4.0.6/denonext/service-error-classification.mjs": "8ada13b5db29fb5d20c001b0cbd5c9dacb6a6f03692d6c1c5d564b9ab5d8aaba",
    "https://esm.sh/@smithy/service-error-classification@4.0.6?target=denonext": "592f760520ad04e298d7db9fa89b1336f7ed099482efe364b52a773fbf383b85",
    "https://esm.sh/@smithy/shared-ini-file-loader@4.0.4/denonext/shared-ini-file-loader.mjs": "39588dccdbe1a2ac6c193a50f77e9c1db311d1fd799aa1b952edef8129b4b80d",
    "https://esm.sh/@smithy/shared-ini-file-loader@4.0.4?target=denonext": "cf6dedb859123bf80b50ff353e93c4b70c85c34dea3771e4d25adf5450b62ada",
    "https://esm.sh/@smithy/signature-v4@5.1.2/denonext/signature-v4.mjs": "97b98b96cc4dfa68493400bf8594b1b00ab14ca9855cf9c9f671c108dc1b1cd6",
    "https://esm.sh/@smithy/signature-v4@5.1.2?target=denonext": "70379783605638c78c0b42dedc31ed42ae54bc40eaa5199a51f3dc0d6441d8ef",
    "https://esm.sh/@smithy/smithy-client@4.4.8/denonext/smithy-client.mjs": "01cab6d4c71568a01281a5232893f2035776335cd762a005e02a1832e2f48769",
    "https://esm.sh/@smithy/smithy-client@4.4.8?target=denonext": "b164746e9ca90426a983edbfe66a26747fa1371539c1c41614c4c782b95e6c4c",
    "https://esm.sh/@smithy/types@4.3.1/denonext/dist-es/extensions.mjs": "c0b7a40f942c7dd0c5b801f2ddf061b52117256bee89ed1ec07a7514010f2e0c",
    "https://esm.sh/@smithy/types@4.3.1/denonext/types.mjs": "2fb93a10176417a204ea15e31877201f6fff04829845493fbd23915f3b9bf39b",
    "https://esm.sh/@smithy/types@4.3.1?target=denonext": "ac191047701eb02d31f0db4f519d3342bf7ae0ee799c8d45de0184b27551024e",
    "https://esm.sh/@smithy/url-parser@4.0.4/denonext/url-parser.mjs": "916c6ea188efc2cbd1ae7ed263749e9c3a54c06cf33bc0d0c578679ff2b5aa00",
    "https://esm.sh/@smithy/url-parser@4.0.4?target=denonext": "d3b7d9e4e7c1abe5d81796688fbf5864c74d5e0c4d53a3013650b0d4ce4f3099",
    "https://esm.sh/@smithy/util-base64@4.0.0/denonext/util-base64.mjs": "1ed30a4f9b0856c4a2a15deed70e21a24b8c6b94342c09f80c40b6605d6575f3",
    "https://esm.sh/@smithy/util-base64@4.0.0?target=denonext": "e2c88daea51c86ee7131baeb16f9e3e447517e0964690aaed60f6381ea40de68",
    "https://esm.sh/@smithy/util-body-length-browser@4.0.0/denonext/util-body-length-browser.mjs": "e04698f2676d9139b1235f8b928c8f64a459ba362a717fcfc4bb8180fea77d27",
    "https://esm.sh/@smithy/util-body-length-browser@4.0.0?target=denonext": "a959972cb1bf5704ad60968367ffecf3f73905a6adc2222eca913fcdb28372e9",
    "https://esm.sh/@smithy/util-body-length-node@4.0.0/denonext/util-body-length-node.mjs": "7de960731c5fa8ae14583c9c0fae5903728e7529c38ef83407cdc417c1b33878",
    "https://esm.sh/@smithy/util-body-length-node@4.0.0?target=denonext": "0abb85614b6b750cb1b9393952b9ddd5009b580e12caaff905117615ee6d42f2",
    "https://esm.sh/@smithy/util-buffer-from@4.0.0/denonext/util-buffer-from.mjs": "702e00740cd324ebbd050a0113b8a03c334911b7359662b2ff5b6051fb2f5c45",
    "https://esm.sh/@smithy/util-buffer-from@4.0.0?target=denonext": "e8d8d9c7d11bb6829eae64d94f9aaf90cec2c83edd203036bd9cd5b8d6ec1916",
    "https://esm.sh/@smithy/util-config-provider@4.0.0/denonext/util-config-provider.mjs": "f779e7738220079f6546757cf4c89e9bb1fe0e3849bbd6fcf9166a992419a789",
    "https://esm.sh/@smithy/util-config-provider@4.0.0?target=denonext": "9be1bd0b6b1860cf21809f6502c571d1d44a2c5f078547e5a922f02630e457f9",
    "https://esm.sh/@smithy/util-defaults-mode-node@4.0.24/denonext/util-defaults-mode-node.mjs": "b0c0eace2e40f6adf9014d571f86c377d6b5ba27bc8cd05c75243b2eab6392a5",
    "https://esm.sh/@smithy/util-defaults-mode-node@4.0.24?target=denonext": "0e9aa37f16bafdcff1a0f8984b94811ceac8d02683ea453faaaf7b6f8ba31591",
    "https://esm.sh/@smithy/util-endpoints@3.0.6/denonext/util-endpoints.mjs": "29d5342cdae083a836035c95d455dff929263068bb4927d570a8860ba551f0c9",
    "https://esm.sh/@smithy/util-endpoints@3.0.6?target=denonext": "5bd3ff0712925b7acd737ccef3750a7a618ca58aff521e204e079009a55825f3",
    "https://esm.sh/@smithy/util-hex-encoding@4.0.0/denonext/util-hex-encoding.mjs": "8301439821987825f4543d95a58fa6c77d5349635ecdf0c06d4be8ceaa584f84",
    "https://esm.sh/@smithy/util-hex-encoding@4.0.0?target=denonext": "2e5e0024daf1b3d43162473b306e1d793cd3f7dcffae7b220b51f5e254b7e684",
    "https://esm.sh/@smithy/util-middleware@4.0.4/denonext/util-middleware.mjs": "19f3835abe5a4f0d60f0c79a7519089941d5c9732d2609838538c3c56bb986d7",
    "https://esm.sh/@smithy/util-middleware@4.0.4?target=denonext": "5ad7fe691db0d94230a9250a562536b51400f77b2ff6e15938cd62129f4e6a0b",
    "https://esm.sh/@smithy/util-retry@4.0.6/denonext/util-retry.mjs": "03a7c4e08269bb53346f344f6028a94204687718140a5ae3ae3d2b15e670c305",
    "https://esm.sh/@smithy/util-retry@4.0.6?target=denonext": "04070fe961db861c4048632223b0984df3fd5a1f19305ff84c52bc4ff0376e2e",
    "https://esm.sh/@smithy/util-stream@4.2.3/denonext/util-stream.mjs": "d17ad6df42dbfbe8b0556e56e6ae400aea18c3d7eaf70c67605a4206ea11e366",
    "https://esm.sh/@smithy/util-stream@4.2.3?target=denonext": "bc11408e42a80d45962b72d36d27367701986604d773f4b2c95b912de74ba26f",
    "https://esm.sh/@smithy/util-uri-escape@4.0.0/denonext/util-uri-escape.mjs": "a1e82ab13cba0392002ad2574735e8d973e66c0a88edf9b33e2ef8a65475d4b2",
    "https://esm.sh/@smithy/util-uri-escape@4.0.0?target=denonext": "9b108d3c345ffb93e2be4baaf8d35ee871ba2a8e7243aea0333fc4214765bec0",
    "https://esm.sh/@smithy/util-utf8@4.0.0/denonext/util-utf8.mjs": "33df59463b7b2d90720a208e560c14d2bd922e7153a47f25085d308f0974ed27",
    "https://esm.sh/@smithy/util-utf8@4.0.0?target=denonext": "517564b9dc7d2ed1ce436b331c414db8c720b433e87bc51ea96a439bbfddb5e0",
    "https://esm.sh/@smithy/util-waiter@4.0.6/denonext/util-waiter.mjs": "04d740178bfb400d049e0b5cc3eee90a17585105af3e4b1af62f80541aa9d676",
    "https://esm.sh/@smithy/util-waiter@4.0.6?target=denonext": "497f03a276759910a94d42ca3cf0ebd2e9dc888abdf24eff80d06def4ffaf5b7",
    "https://esm.sh/@vladfrangu/async_event_emitter@2.4.6/denonext/async_event_emitter.mjs": "f40e619c1a842ea66c03fc5a4011811490ee0c7a89c0bf6168d1893113a8b94e",
    "https://esm.sh/@vladfrangu/async_event_emitter@2.4.6?target=denonext": "7f16242cf14ea51b8c89ccca3b70dab315e69dfb76f07c2817dc227f9903d51d",
    "https://esm.sh/asynckit@0.4.0/denonext/asynckit.mjs": "4ef3be6eb52c104699b90ca5524db55ec15bc76b361432f05c16b6106279ba72",
    "https://esm.sh/asynckit@0.4.0?target=denonext": "c6bd8832d6d16b648e22d124a16d33c3a7f7076e92be9444f2e4f6b27545708d",
    "https://esm.sh/axios@1.9.0": "167b56e1ac1d60da90651778804dd677a0e70a0be2c6b773801350fc326fbb07",
    "https://esm.sh/axios@1.9.0/denonext/axios.mjs": "87cfd4700068278d1bc5518d4f1f1dc2503d9e68356f44de736a72fb41fb698e",
    "https://esm.sh/axios@1.9.0/denonext/lib/adapters/http.mjs": "93d1c2cacf4bd8f359ccf35e5100f8edd158f5d9f600646cbb07382954581ea0",
    "https://esm.sh/axios@1.9.0/denonext/lib/adapters/xhr.mjs": "d9b6667d7a8e24752c0810d8044d311d7fabe3de3018f1e71ae17ff57658c5bb",
    "https://esm.sh/axios@1.9.0/denonext/unsafe/core/buildFullPath.mjs": "1e96d183b7027dc692e56447d3c4b21da992e4030a5708427f135f4665c127f6",
    "https://esm.sh/axios@1.9.0/denonext/unsafe/core/settle.mjs": "6e2254a0e9695b50c1b9819bcb6ab061bf3baac541412082ce9bb756bd377882",
    "https://esm.sh/axios@1.9.0/denonext/unsafe/helpers/buildURL.mjs": "7df2d1196c0ba87cbcbc790c3e3f09af5de4ee8cea2d00b3492fd34d5d5128c9",
    "https://esm.sh/axios@1.9.0/denonext/unsafe/helpers/combineURLs.mjs": "c5c1b0d4c73651004c35ac8ccb77896071e2e7385fc459483bea4bce4b40fb7d",
    "https://esm.sh/axios@1.9.0/denonext/unsafe/helpers/isAbsoluteURL.mjs": "1ee1f474d63d413cf8d3f53939ba475860717227c775e19954c46b2c0d6eb0e6",
    "https://esm.sh/axios@1.9.0/denonext/unsafe/utils.mjs": "c9b3605860b031abe6c1c10b241441515dd53c8e83b766009781a33ffe097787",
    "https://esm.sh/bufferutil@4.0.9/denonext/bufferutil.mjs": "13dca4d5bb2c68cbe119f880fa3bd785b9a81a8e02e0834dae604b4b85295cd8",
    "https://esm.sh/bufferutil@4.0.9?target=denonext": "e32574569ab438facfcc3f412c659b0719bbf05477136ca176938c9a3ac45125",
    "https://esm.sh/combined-stream@1.0.8/denonext/combined-stream.mjs": "364b91aa4c33e5f0b4075949d93a3407b21a8695031e7c2be29999d588f9ca2c",
    "https://esm.sh/combined-stream@1.0.8?target=denonext": "a0c89b8b29494e966774c7a708e33cc2df16a0bbe2279c841d088e169e7ab3c4",
    "https://esm.sh/debug@4.4.1/denonext/debug.mjs": "f4ead1d2ba56c04c08e42abe96388337ddb17a197c16a7d896442b4fcb4d643e",
    "https://esm.sh/debug@4.4.1?target=denonext": "3c77699e6583e2c743e63bc0571647b963f1c82282b970df992b59fa585d76eb",
    "https://esm.sh/delayed-stream@1.0.0/denonext/delayed-stream.mjs": "051a3501b7b3d3c593b78a2c7305093a8e363c518cd156f1a77117185e312abe",
    "https://esm.sh/delayed-stream@1.0.0?target=denonext": "d363b81e01f4c886114df14aa660c1a938bbb4be851ff12132260bed0db6126e",
    "https://esm.sh/discord-api-types@0.38.16/denonext/gateway/v10.mjs": "149b3fae3ba0cc18bdafd7bf2b493037eee8a107527f3264b972971af4ae95d5",
    "https://esm.sh/discord-api-types@0.38.16/denonext/globals.mjs": "42cd12207a77cfce94b288378529e9994923e18c3f0bf0bbef33eaf5494bd929",
    "https://esm.sh/discord-api-types@0.38.16/denonext/payloads/common.mjs": "ba8de805771e3823274d511a0d69cdb1b516c5bbdb8bb3ebabd078077e5b5c43",
    "https://esm.sh/discord-api-types@0.38.16/denonext/payloads/v10/index.mjs": "136cc6cda728c310288ab644c28fc2e51895c651fb68b3351c57b696f0164776",
    "https://esm.sh/discord-api-types@0.38.16/denonext/rest/common.mjs": "1fbe0213e57412e49e02ee5eeb3dab3bad2639a1bbde2b014b8a436d6c602c24",
    "https://esm.sh/discord-api-types@0.38.16/denonext/rest/v10/index.mjs": "bd0c7ddb85b5c553fed3fa5bf0054753235bdbf368d12840ce1e40bf44b0131c",
    "https://esm.sh/discord-api-types@0.38.16/denonext/rpc/common.mjs": "fbccd363763f657784fcb7c0a578097655103b3b8686d63cf2e8391bffb99f21",
    "https://esm.sh/discord-api-types@0.38.16/denonext/rpc/v10.mjs": "49e2799d33ca47d1ed403d6029b5bbc9d2e75bef618a71abd0533d23032d79b5",
    "https://esm.sh/discord-api-types@0.38.16/denonext/utils/internals.mjs": "3123060004bed4f039ca65a50fd3b347320155b68027966aefa46aecb3c0ef62",
    "https://esm.sh/discord-api-types@0.38.16/denonext/utils/v10.mjs": "54d0cc592c105e5304fb1f6cf7dbd68681e38c0ed5d2f9d72a7973ca567d92fb",
    "https://esm.sh/discord-api-types@0.38.16/denonext/v10.mjs": "b1b2bfa25c91e46707f8366443df197d250b69f88b718cf52235606579e2afb2",
    "https://esm.sh/discord-api-types@0.38.16/v10?target=denonext": "61e447418c61687ef45c443afb52c1b0d6dcd0f356d4863ba99335003012b113",
    "https://esm.sh/discord.js@14.19.3": "be373f9aa48471ec3ea7c1e1c85dedc3a15545ff4d63a1bebfea50075b1a677b",
    "https://esm.sh/discord.js@14.19.3/denonext/discord.mjs": "a04acc4d8c55027c93c015123a9e062b00853b86c016a9b8540580cfa8fd744e",
    "https://esm.sh/dotenv@16.5.0": "65fd0fbbbfdf70bd7ea372e965bcdc3f2210534a9da416eebe46e0a7430044cf",
    "https://esm.sh/dotenv@16.5.0/denonext/dotenv.mjs": "d7b94b81c72a4c32d887b14cef712fb2c1f71846137603ed972e1e3684da9717",
    "https://esm.sh/dotenv@16.5.0/package.json?module": "213a67852c32f772ec71a678abddf3fb1c7c4971cfe8e8d311421c443ef7673e",
    "https://esm.sh/dynamoose-utils@4.0.4/denonext/dynamoose-utils.mjs": "de1e058bce015e980efebed2842c940f7437bdbbc34bc1de16f3dcba570d1bd7",
    "https://esm.sh/dynamoose-utils@4.0.4?target=denonext": "ebd21168590a6a1e161e6a440efbf7696ff5f572cf5f6657af7b83aa268b6711",
    "https://esm.sh/dynamoose@4.0.4": "90d21d6c103f623ae925dec14cf3c22a3e34a2a84a33bce0405d08a351b15be5",
    "https://esm.sh/dynamoose@4.0.4/denonext/dynamoose.mjs": "9d94ad632126036b55163742e938d124c47b2e60e260eecd0727c1c49772cbd4",
    "https://esm.sh/fast-deep-equal@3.1.3/denonext/es6/index.mjs": "46a929c09333f0c0ae15050ce8e9adec640d6b740bb0404c38ac4f07f5652299",
    "https://esm.sh/fast-deep-equal@3.1.3/denonext/fast-deep-equal.mjs": "66e5d717af5e6a08366cc6aa421af1838a773895070bfee46c45102adf7ddc5f",
    "https://esm.sh/fast-deep-equal@3.1.3/es6/index?target=denonext": "0d4b4e0e7599051ee549090d58e7acc1824f4da7b54ae36026249f9f6da7cfc0",
    "https://esm.sh/fast-deep-equal@3.1.3?target=denonext": "2d47696bbd2c43a836e333ae5035542a56eb76e4fd728204c75eaaeea86c3b5c",
    "https://esm.sh/fast-xml-parser@5.2.5/denonext/fast-xml-parser.mjs": "842e6c3ea724c8d5fed0370fef3326934ce6267fa30549d1c9bceb07bbd743da",
    "https://esm.sh/follow-redirects@1.15.9/denonext/follow-redirects.mjs": "90866d22d80eface74d3161906835600fbb1d5c9ded05dc72fd55b40960cfce7",
    "https://esm.sh/follow-redirects@1.15.9?target=denonext": "c8028ec9d980a1974362377614a4978d1556ba85a75bc32526e8917bede535d1",
    "https://esm.sh/form-data@4.0.4/denonext/form-data.mjs": "d3c67b7f6274bf1ed286037a245a05db0f10a99fbc3fb01ea03cb364be0b0531",
    "https://esm.sh/form-data@4.0.4?target=denonext": "28109a5e785dcbc01475380de1abc1f50572221a537311078c724324347e0541",
    "https://esm.sh/js-object-utilities@2.2.1/denonext/js-object-utilities.mjs": "9fd6cee49b49e24c6e644657f78fad4bd42fff97cc83cb1356ef4a1e41e5a417",
    "https://esm.sh/js-object-utilities@2.2.1?target=denonext": "b273437609b315591726771fef931ccfb5cbc1374b2b5d8d4931ed2a69398238",
    "https://esm.sh/lodash.snakecase@4.1.1/denonext/lodash.snakecase.mjs": "29732bba26336a63eadadea2bc9d577f31ab63d022aa6140b927b6f407173252",
    "https://esm.sh/lodash@4.17.21/denonext/get.mjs": "5994f2dae41ed2a12c050569b61f8c7f35e276b4826da08740dd914f34ea4110",
    "https://esm.sh/lodash@4.17.21/denonext/uniqWith.mjs": "3dd1e54ea9a565cd6823635f92cfe84a51f384d5750ce316073211341af0b0d9",
    "https://esm.sh/lodash@4.17.21/get?target=denonext": "01e3b29c87b0ee1fb7b64963430a013d4d254713a5f213789c0184d74a529197",
    "https://esm.sh/lodash@4.17.21/uniqWith?target=denonext": "2629237343a3e2ad1373486e3657eae88d81aa7a3c66b7d5abeca6b72a712dea",
    "https://esm.sh/magic-bytes.js@1.12.1/denonext/magic-bytes.mjs": "295d97e1e14b91663d736abf48758bf8f324b3c67b670d8e9ed9f772e9e08968",
    "https://esm.sh/magic-bytes.js@1.12.1?target=denonext": "c4d98dcb7ce02bddaf6416750ed29b46e2e03ebd209d134eec8feafecc3353c0",
    "https://esm.sh/mime-db@1.52.0/denonext/mime-db.mjs": "f93feb3d7150014b71bd0d06c5bd819db56a089b31b8b79a3b0466bb37ef005e",
    "https://esm.sh/mime-types@2.1.35/denonext/mime-types.mjs": "704bdb318816fe1360c90a196f7cb3ba6e25fe207707cc2df873f890ad2e5f44",
    "https://esm.sh/mime-types@2.1.35?target=denonext": "e4cc9a1aabecc1be22d194375ec3b99cc9d51700cc4629ab689975451c0a8ce5",
    "https://esm.sh/mnemonist@0.38.3/denonext/lru-cache.mjs": "2147d2462a658909ad59bd4b64a94dd7506d5ed8eb58844fc66f7a41f9bed2fd",
    "https://esm.sh/ms@2.1.3/denonext/ms.mjs": "9039464da1f4ae1c2042742d335c82556c048bbe49449b5d0cd5198193afa147",
    "https://esm.sh/ms@2.1.3?target=denonext": "36f5aa7503ff0ff44ce9e3155a60362d8d3ae5db8db048be5764a3a515b6a263",
    "https://esm.sh/node-gyp-build@4.8.4/denonext/node-gyp-build.mjs": "9a86f2d044fc77bd60aaa3d697c2ba1b818da5fb1b9aaeedec59a40b8e908803",
    "https://esm.sh/node-gyp-build@4.8.4?target=denonext": "261a6cedf1fdbf159798141ba1e2311ac1510682c5c8b55dacc8cf5fdee4aa06",
    "https://esm.sh/obliterator@1.6.1/denonext/foreach.mjs": "78e69be41e4c0b0679a6ebaad8a3d075c55182f9c7c7cf950bb0cde944f2ba72",
    "https://esm.sh/obliterator@1.6.1/denonext/iterator.mjs": "cd4a6900a23e4fa8f732128132b15f4fc0aa049de0fa5d386e59f6beff523edf",
    "https://esm.sh/obliterator@1.6.1/foreach?target=denonext": "55cb1ce2aba3ffc0700d37c1f251e4dcb649b0d18b8fb2956080be3250278706",
    "https://esm.sh/obliterator@1.6.1/iterator?target=denonext": "092e6778b4180f6e33a0fec6a97f0486e9a92d2ffe7c1a7bec9406a512c5d200",
    "https://esm.sh/proxy-from-env@1.1.0/denonext/proxy-from-env.mjs": "f60f9c79fc3baa07c13c800798d645ae70d1b2059b8d593dcd4f8c5710b50333",
    "https://esm.sh/proxy-from-env@1.1.0?target=denonext": "bf02a050a1a6aa56ddba25dbea2c355da294630e5c5520fddea4b2f30a9292bc",
    "https://esm.sh/strnum@2.1.1/denonext/strnum.mjs": "2ba1ef72b5eee1e4a21237b1e3b3d5621b3c4eaec3f7d365b5a13a5a99f95db2",
    "https://esm.sh/strnum@2.1.1?target=denonext": "ec351a625b19a9acb32f081ae480d64251a03ac48e64b069666c52de69380605",
    "https://esm.sh/supports-color@10.0.0/denonext/supports-color.mjs": "239cd39d0828e1a018dee102748da869b1b75c38fe6a9c0c8f0bd4ffbd3e1ea1",
    "https://esm.sh/supports-color@10.0.0?target=denonext": "4895255248e4ba0cbcce9437003dccf3658b1ac1d1e8eba5225fb8194c454ee1",
    "https://esm.sh/ts-mixer@6.0.4/denonext/ts-mixer.mjs": "2038c9903c5b65a95aaaa369523cb9f94eadaaf1e340f40f9d03303150c3b635",
    "https://esm.sh/ts-mixer@6.0.4?target=denonext": "6d88f12e38d948d1f2fcce3d2ab0c2505cef24901681044b6f4c24ea5cc2aefa",
    "https://esm.sh/tslib@2.8.1/denonext/tslib.mjs": "ebce3cd5facb654623020337f867b426ba95f71596ba87acc9e6c6f4e55905ca",
    "https://esm.sh/tslib@2.8.1?target=denonext": "a89cbf082a0ad54e87ea85d75e6d5492b3e2ff0c5de9e3e478206a015b3f3992",
    "https://esm.sh/undici@6.21.1/denonext/undici.mjs": "bbbe503d42e243174555a5e6069346264853f6fa0e225afc511f76c274255a20",
    "https://esm.sh/undici@6.21.1/types/handlers": "fabf6997a3adf11e45d11e3c4d58d0634ab98f9d72f3116f3694123818ccd457",
    "https://esm.sh/undici@6.21.1/types/interceptors": "fabf6997a3adf11e45d11e3c4d58d0634ab98f9d72f3116f3694123818ccd457",
    "https://esm.sh/undici@6.21.1/types/retry-handler": "fabf6997a3adf11e45d11e3c4d58d0634ab98f9d72f3116f3694123818ccd457",
    "https://esm.sh/undici@6.21.3/types/handlers": "fabf6997a3adf11e45d11e3c4d58d0634ab98f9d72f3116f3694123818ccd457",
    "https://esm.sh/undici@6.21.3/types/interceptors": "fabf6997a3adf11e45d11e3c4d58d0634ab98f9d72f3116f3694123818ccd457",
    "https://esm.sh/undici@6.21.3/types/retry-handler": "fabf6997a3adf11e45d11e3c4d58d0634ab98f9d72f3116f3694123818ccd457",
    "https://esm.sh/utf-8-validate@6.0.5/denonext/utf-8-validate.mjs": "66b8ea532a0c745068f5b96ddb1bae332c3036703243541d2e89e66331974d98",
    "https://esm.sh/utf-8-validate@6.0.5?target=denonext": "071bc33ba1a58297e23a34d69dd589fd06df04b0f373b382ff5da544a623f271",
    "https://esm.sh/uuid@9.0.1/denonext/uuid.mjs": "25ffc9943d4b3691671de82d30c147ecfa2a8fae6f4319db28dadb0dacc19450",
    "https://esm.sh/uuid@9.0.1?target=denonext": "11c38693969f62a617de5ceee47ddc29ae892ae81491378a933436788fad3c8b",
    "https://esm.sh/ws@8.18.3/denonext/ws.mjs": "063ab2c92e0908d060e4de414b74e941fbd1b3ccedfce35cc965703a8a3f86c1",
    "https://esm.sh/ws@8.18.3?target=denonext": "a5ca9d7990fc419fd8b8d06d0855bb64688769e6bb887ba07d36c13172f882b5"
  }
}
