{
  "version": "5",
  "specifiers": {
    "jsr:@openai/openai@^5.12.1": "5.12.1",
    "npm:@aws-sdk/client-dynamodb@*": "3.848.0",
    "npm:@types/node@*": "22.15.15",
    "npm:dynamodb-onetable@*": "2.7.7_@aws-sdk+client-dynamodb@3.848.0",
    "npm:zod@3": "3.25.76",
    "npm:zod@^4.0.15": "4.0.15"
  },
  "jsr": {
    "@openai/openai@5.12.1": {
      "integrity": "afba28fb77bbbd6a50abf5385c3b631c017e55f002ab918835e2a9b5e3fda9d7",
      "dependencies": [
        "npm:zod@3"
      ]
    }
  },
  "npm": {
    "@aws-crypto/sha256-browser@5.2.0": {
      "integrity": "sha512-AXfN/lGotSQwu6HNcEsIASo7kWXZ5HYWvfOmSNKDsEqC4OashTp8alTmaz+F7TC2L083SFv5RdB+qU3Vs1kZqw==",
      "dependencies": [
        "@aws-crypto/sha256-js",
        "@aws-crypto/supports-web-crypto",
        "@aws-crypto/util",
        "@aws-sdk/types",
        "@aws-sdk/util-locate-window",
        "@smithy/util-utf8@2.3.0",
        "tslib"
      ]
    },
    "@aws-crypto/sha256-js@5.2.0": {
      "integrity": "sha512-FFQQyu7edu4ufvIZ+OadFpHHOt+eSTBaYaki44c+akjg7qZg9oOQeLlk77F6tSYqjDAFClrHJk9tMf0HdVyOvA==",
      "dependencies": [
        "@aws-crypto/util",
        "@aws-sdk/types",
        "tslib"
      ]
    },
    "@aws-crypto/supports-web-crypto@5.2.0": {
      "integrity": "sha512-iAvUotm021kM33eCdNfwIN//F77/IADDSs58i+MDaOqFrVjZo9bAal0NK7HurRuWLLpF1iLX7gbWrjHjeo+YFg==",
      "dependencies": [
        "tslib"
      ]
    },
    "@aws-crypto/util@5.2.0": {
      "integrity": "sha512-4RkU9EsI6ZpBve5fseQlGNUWKMa1RLPQ1dnjnQoe07ldfIzcsGb5hC5W0Dm7u423KWzawlrpbjXBrXCEv9zazQ==",
      "dependencies": [
        "@aws-sdk/types",
        "@smithy/util-utf8@2.3.0",
        "tslib"
      ]
    },
    "@aws-sdk/client-dynamodb@3.848.0": {
      "integrity": "sha512-sZSezrnvHmzsvWM7Yr5lu07tks5vzs156FwzT3u56KXgs7rd/BOrAuUeGLZ6qlxGuwMOyHnOM4GFalNzsIzbTA==",
      "dependencies": [
        "@aws-crypto/sha256-browser",
        "@aws-crypto/sha256-js",
        "@aws-sdk/core",
        "@aws-sdk/credential-provider-node",
        "@aws-sdk/middleware-endpoint-discovery",
        "@aws-sdk/middleware-host-header",
        "@aws-sdk/middleware-logger",
        "@aws-sdk/middleware-recursion-detection",
        "@aws-sdk/middleware-user-agent",
        "@aws-sdk/region-config-resolver",
        "@aws-sdk/types",
        "@aws-sdk/util-endpoints",
        "@aws-sdk/util-user-agent-browser",
        "@aws-sdk/util-user-agent-node",
        "@smithy/config-resolver",
        "@smithy/core",
        "@smithy/fetch-http-handler",
        "@smithy/hash-node",
        "@smithy/invalid-dependency",
        "@smithy/middleware-content-length",
        "@smithy/middleware-endpoint",
        "@smithy/middleware-retry",
        "@smithy/middleware-serde",
        "@smithy/middleware-stack",
        "@smithy/node-config-provider",
        "@smithy/node-http-handler",
        "@smithy/protocol-http",
        "@smithy/smithy-client",
        "@smithy/types",
        "@smithy/url-parser",
        "@smithy/util-base64",
        "@smithy/util-body-length-browser",
        "@smithy/util-body-length-node",
        "@smithy/util-defaults-mode-browser",
        "@smithy/util-defaults-mode-node",
        "@smithy/util-endpoints",
        "@smithy/util-middleware",
        "@smithy/util-retry",
        "@smithy/util-utf8@4.0.0",
        "@smithy/util-waiter",
        "@types/uuid",
        "tslib",
        "uuid"
      ]
    },
    "@aws-sdk/client-sso@3.848.0": {
      "integrity": "sha512-mD+gOwoeZQvbecVLGoCmY6pS7kg02BHesbtIxUj+PeBqYoZV5uLvjUOmuGfw1SfoSobKvS11urxC9S7zxU/Maw==",
      "dependencies": [
        "@aws-crypto/sha256-browser",
        "@aws-crypto/sha256-js",
        "@aws-sdk/core",
        "@aws-sdk/middleware-host-header",
        "@aws-sdk/middleware-logger",
        "@aws-sdk/middleware-recursion-detection",
        "@aws-sdk/middleware-user-agent",
        "@aws-sdk/region-config-resolver",
        "@aws-sdk/types",
        "@aws-sdk/util-endpoints",
        "@aws-sdk/util-user-agent-browser",
        "@aws-sdk/util-user-agent-node",
        "@smithy/config-resolver",
        "@smithy/core",
        "@smithy/fetch-http-handler",
        "@smithy/hash-node",
        "@smithy/invalid-dependency",
        "@smithy/middleware-content-length",
        "@smithy/middleware-endpoint",
        "@smithy/middleware-retry",
        "@smithy/middleware-serde",
        "@smithy/middleware-stack",
        "@smithy/node-config-provider",
        "@smithy/node-http-handler",
        "@smithy/protocol-http",
        "@smithy/smithy-client",
        "@smithy/types",
        "@smithy/url-parser",
        "@smithy/util-base64",
        "@smithy/util-body-length-browser",
        "@smithy/util-body-length-node",
        "@smithy/util-defaults-mode-browser",
        "@smithy/util-defaults-mode-node",
        "@smithy/util-endpoints",
        "@smithy/util-middleware",
        "@smithy/util-retry",
        "@smithy/util-utf8@4.0.0",
        "tslib"
      ]
    },
    "@aws-sdk/core@3.846.0": {
      "integrity": "sha512-7CX0pM906r4WSS68fCTNMTtBCSkTtf3Wggssmx13gD40gcWEZXsU00KzPp1bYheNRyPlAq3rE22xt4wLPXbuxA==",
      "dependencies": [
        "@aws-sdk/types",
        "@aws-sdk/xml-builder",
        "@smithy/core",
        "@smithy/node-config-provider",
        "@smithy/property-provider",
        "@smithy/protocol-http",
        "@smithy/signature-v4",
        "@smithy/smithy-client",
        "@smithy/types",
        "@smithy/util-base64",
        "@smithy/util-body-length-browser",
        "@smithy/util-middleware",
        "@smithy/util-utf8@4.0.0",
        "fast-xml-parser",
        "tslib"
      ]
    },
    "@aws-sdk/credential-provider-env@3.846.0": {
      "integrity": "sha512-QuCQZET9enja7AWVISY+mpFrEIeHzvkx/JEEbHYzHhUkxcnC2Kq2c0bB7hDihGD0AZd3Xsm653hk1O97qu69zg==",
      "dependencies": [
        "@aws-sdk/core",
        "@aws-sdk/types",
        "@smithy/property-provider",
        "@smithy/types",
        "tslib"
      ]
    },
    "@aws-sdk/credential-provider-http@3.846.0": {
      "integrity": "sha512-Jh1iKUuepdmtreMYozV2ePsPcOF5W9p3U4tWhi3v6nDvz0GsBjzjAROW+BW8XMz9vAD3I9R+8VC3/aq63p5nlw==",
      "dependencies": [
        "@aws-sdk/core",
        "@aws-sdk/types",
        "@smithy/fetch-http-handler",
        "@smithy/node-http-handler",
        "@smithy/property-provider",
        "@smithy/protocol-http",
        "@smithy/smithy-client",
        "@smithy/types",
        "@smithy/util-stream",
        "tslib"
      ]
    },
    "@aws-sdk/credential-provider-ini@3.848.0": {
      "integrity": "sha512-r6KWOG+En2xujuMhgZu7dzOZV3/M5U/5+PXrG8dLQ3rdPRB3vgp5tc56KMqLwm/EXKRzAOSuw/UE4HfNOAB8Hw==",
      "dependencies": [
        "@aws-sdk/core",
        "@aws-sdk/credential-provider-env",
        "@aws-sdk/credential-provider-http",
        "@aws-sdk/credential-provider-process",
        "@aws-sdk/credential-provider-sso",
        "@aws-sdk/credential-provider-web-identity",
        "@aws-sdk/nested-clients",
        "@aws-sdk/types",
        "@smithy/credential-provider-imds",
        "@smithy/property-provider",
        "@smithy/shared-ini-file-loader",
        "@smithy/types",
        "tslib"
      ]
    },
    "@aws-sdk/credential-provider-node@3.848.0": {
      "integrity": "sha512-AblNesOqdzrfyASBCo1xW3uweiSro4Kft9/htdxLeCVU1KVOnFWA5P937MNahViRmIQm2sPBCqL8ZG0u9lnh5g==",
      "dependencies": [
        "@aws-sdk/credential-provider-env",
        "@aws-sdk/credential-provider-http",
        "@aws-sdk/credential-provider-ini",
        "@aws-sdk/credential-provider-process",
        "@aws-sdk/credential-provider-sso",
        "@aws-sdk/credential-provider-web-identity",
        "@aws-sdk/types",
        "@smithy/credential-provider-imds",
        "@smithy/property-provider",
        "@smithy/shared-ini-file-loader",
        "@smithy/types",
        "tslib"
      ]
    },
    "@aws-sdk/credential-provider-process@3.846.0": {
      "integrity": "sha512-mEpwDYarJSH+CIXnnHN0QOe0MXI+HuPStD6gsv3z/7Q6ESl8KRWon3weFZCDnqpiJMUVavlDR0PPlAFg2MQoPg==",
      "dependencies": [
        "@aws-sdk/core",
        "@aws-sdk/types",
        "@smithy/property-provider",
        "@smithy/shared-ini-file-loader",
        "@smithy/types",
        "tslib"
      ]
    },
    "@aws-sdk/credential-provider-sso@3.848.0": {
      "integrity": "sha512-pozlDXOwJZL0e7w+dqXLgzVDB7oCx4WvtY0sk6l4i07uFliWF/exupb6pIehFWvTUcOvn5aFTTqcQaEzAD5Wsg==",
      "dependencies": [
        "@aws-sdk/client-sso",
        "@aws-sdk/core",
        "@aws-sdk/token-providers",
        "@aws-sdk/types",
        "@smithy/property-provider",
        "@smithy/shared-ini-file-loader",
        "@smithy/types",
        "tslib"
      ]
    },
    "@aws-sdk/credential-provider-web-identity@3.848.0": {
      "integrity": "sha512-D1fRpwPxtVDhcSc/D71exa2gYweV+ocp4D3brF0PgFd//JR3XahZ9W24rVnTQwYEcK9auiBZB89Ltv+WbWN8qw==",
      "dependencies": [
        "@aws-sdk/core",
        "@aws-sdk/nested-clients",
        "@aws-sdk/types",
        "@smithy/property-provider",
        "@smithy/types",
        "tslib"
      ]
    },
    "@aws-sdk/endpoint-cache@3.804.0": {
      "integrity": "sha512-TQVDkA/lV6ua75ELZaichMzlp6x7tDa1bqdy/+0ZftmODPtKXuOOEcJxmdN7Ui/YRo1gkRz2D9txYy7IlNg1Og==",
      "dependencies": [
        "mnemonist",
        "tslib"
      ]
    },
    "@aws-sdk/middleware-endpoint-discovery@3.840.0": {
      "integrity": "sha512-IJDShY5NOg9luTE8h4o2Bm+gsPnHIU0tVWCjMz8vZMLevYjKdIsatcXiu3huTOjKSnelzC9fBHfU6KKsHmjjBQ==",
      "dependencies": [
        "@aws-sdk/endpoint-cache",
        "@aws-sdk/types",
        "@smithy/node-config-provider",
        "@smithy/protocol-http",
        "@smithy/types",
        "tslib"
      ]
    },
    "@aws-sdk/middleware-host-header@3.840.0": {
      "integrity": "sha512-ub+hXJAbAje94+Ya6c6eL7sYujoE8D4Bumu1NUI8TXjUhVVn0HzVWQjpRLshdLsUp1AW7XyeJaxyajRaJQ8+Xg==",
      "dependencies": [
        "@aws-sdk/types",
        "@smithy/protocol-http",
        "@smithy/types",
        "tslib"
      ]
    },
    "@aws-sdk/middleware-logger@3.840.0": {
      "integrity": "sha512-lSV8FvjpdllpGaRspywss4CtXV8M7NNNH+2/j86vMH+YCOZ6fu2T/TyFd/tHwZ92vDfHctWkRbQxg0bagqwovA==",
      "dependencies": [
        "@aws-sdk/types",
        "@smithy/types",
        "tslib"
      ]
    },
    "@aws-sdk/middleware-recursion-detection@3.840.0": {
      "integrity": "sha512-Gu7lGDyfddyhIkj1Z1JtrY5NHb5+x/CRiB87GjaSrKxkDaydtX2CU977JIABtt69l9wLbcGDIQ+W0uJ5xPof7g==",
      "dependencies": [
        "@aws-sdk/types",
        "@smithy/protocol-http",
        "@smithy/types",
        "tslib"
      ]
    },
    "@aws-sdk/middleware-user-agent@3.848.0": {
      "integrity": "sha512-rjMuqSWJEf169/ByxvBqfdei1iaduAnfolTshsZxwcmLIUtbYrFUmts0HrLQqsAG8feGPpDLHA272oPl+NTCCA==",
      "dependencies": [
        "@aws-sdk/core",
        "@aws-sdk/types",
        "@aws-sdk/util-endpoints",
        "@smithy/core",
        "@smithy/protocol-http",
        "@smithy/types",
        "tslib"
      ]
    },
    "@aws-sdk/nested-clients@3.848.0": {
      "integrity": "sha512-joLsyyo9u61jnZuyYzo1z7kmS7VgWRAkzSGESVzQHfOA1H2PYeUFek6vLT4+c9xMGrX/Z6B0tkRdzfdOPiatLg==",
      "dependencies": [
        "@aws-crypto/sha256-browser",
        "@aws-crypto/sha256-js",
        "@aws-sdk/core",
        "@aws-sdk/middleware-host-header",
        "@aws-sdk/middleware-logger",
        "@aws-sdk/middleware-recursion-detection",
        "@aws-sdk/middleware-user-agent",
        "@aws-sdk/region-config-resolver",
        "@aws-sdk/types",
        "@aws-sdk/util-endpoints",
        "@aws-sdk/util-user-agent-browser",
        "@aws-sdk/util-user-agent-node",
        "@smithy/config-resolver",
        "@smithy/core",
        "@smithy/fetch-http-handler",
        "@smithy/hash-node",
        "@smithy/invalid-dependency",
        "@smithy/middleware-content-length",
        "@smithy/middleware-endpoint",
        "@smithy/middleware-retry",
        "@smithy/middleware-serde",
        "@smithy/middleware-stack",
        "@smithy/node-config-provider",
        "@smithy/node-http-handler",
        "@smithy/protocol-http",
        "@smithy/smithy-client",
        "@smithy/types",
        "@smithy/url-parser",
        "@smithy/util-base64",
        "@smithy/util-body-length-browser",
        "@smithy/util-body-length-node",
        "@smithy/util-defaults-mode-browser",
        "@smithy/util-defaults-mode-node",
        "@smithy/util-endpoints",
        "@smithy/util-middleware",
        "@smithy/util-retry",
        "@smithy/util-utf8@4.0.0",
        "tslib"
      ]
    },
    "@aws-sdk/region-config-resolver@3.840.0": {
      "integrity": "sha512-Qjnxd/yDv9KpIMWr90ZDPtRj0v75AqGC92Lm9+oHXZ8p1MjG5JE2CW0HL8JRgK9iKzgKBL7pPQRXI8FkvEVfrA==",
      "dependencies": [
        "@aws-sdk/types",
        "@smithy/node-config-provider",
        "@smithy/types",
        "@smithy/util-config-provider",
        "@smithy/util-middleware",
        "tslib"
      ]
    },
    "@aws-sdk/token-providers@3.848.0": {
      "integrity": "sha512-oNPyM4+Di2Umu0JJRFSxDcKQ35+Chl/rAwD47/bS0cDPI8yrao83mLXLeDqpRPHyQW4sXlP763FZcuAibC0+mg==",
      "dependencies": [
        "@aws-sdk/core",
        "@aws-sdk/nested-clients",
        "@aws-sdk/types",
        "@smithy/property-provider",
        "@smithy/shared-ini-file-loader",
        "@smithy/types",
        "tslib"
      ]
    },
    "@aws-sdk/types@3.840.0": {
      "integrity": "sha512-xliuHaUFZxEx1NSXeLLZ9Dyu6+EJVQKEoD+yM+zqUo3YDZ7medKJWY6fIOKiPX/N7XbLdBYwajb15Q7IL8KkeA==",
      "dependencies": [
        "@smithy/types",
        "tslib"
      ]
    },
    "@aws-sdk/util-dynamodb@3.848.0_@aws-sdk+client-dynamodb@3.848.0": {
      "integrity": "sha512-sitaCOtYLFF6L6+cpAxBho/Zr246Qdr78yIvBznqpEvqmBE1UYEH8SQ1NRvmw79p9XKmhHELKWO7mCQk+20sFQ==",
      "dependencies": [
        "@aws-sdk/client-dynamodb",
        "tslib"
      ]
    },
    "@aws-sdk/util-endpoints@3.848.0": {
      "integrity": "sha512-fY/NuFFCq/78liHvRyFKr+aqq1aA/uuVSANjzr5Ym8c+9Z3HRPE9OrExAHoMrZ6zC8tHerQwlsXYYH5XZ7H+ww==",
      "dependencies": [
        "@aws-sdk/types",
        "@smithy/types",
        "@smithy/url-parser",
        "@smithy/util-endpoints",
        "tslib"
      ]
    },
    "@aws-sdk/util-locate-window@3.804.0": {
      "integrity": "sha512-zVoRfpmBVPodYlnMjgVjfGoEZagyRF5IPn3Uo6ZvOZp24chnW/FRstH7ESDHDDRga4z3V+ElUQHKpFDXWyBW5A==",
      "dependencies": [
        "tslib"
      ]
    },
    "@aws-sdk/util-user-agent-browser@3.840.0": {
      "integrity": "sha512-JdyZM3EhhL4PqwFpttZu1afDpPJCCc3eyZOLi+srpX11LsGj6sThf47TYQN75HT1CarZ7cCdQHGzP2uy3/xHfQ==",
      "dependencies": [
        "@aws-sdk/types",
        "@smithy/types",
        "bowser",
        "tslib"
      ]
    },
    "@aws-sdk/util-user-agent-node@3.848.0": {
      "integrity": "sha512-Zz1ft9NiLqbzNj/M0jVNxaoxI2F4tGXN0ZbZIj+KJ+PbJo+w5+Jo6d0UDAtbj3AEd79pjcCaP4OA9NTVzItUdw==",
      "dependencies": [
        "@aws-sdk/middleware-user-agent",
        "@aws-sdk/types",
        "@smithy/node-config-provider",
        "@smithy/types",
        "tslib"
      ]
    },
    "@aws-sdk/xml-builder@3.821.0": {
      "integrity": "sha512-DIIotRnefVL6DiaHtO6/21DhJ4JZnnIwdNbpwiAhdt/AVbttcE4yw925gsjur0OGv5BTYXQXU3YnANBYnZjuQA==",
      "dependencies": [
        "@smithy/types",
        "tslib"
      ]
    },
    "@smithy/abort-controller@4.0.4": {
      "integrity": "sha512-gJnEjZMvigPDQWHrW3oPrFhQtkrgqBkyjj3pCIdF3A5M6vsZODG93KNlfJprv6bp4245bdT32fsHK4kkH3KYDA==",
      "dependencies": [
        "@smithy/types",
        "tslib"
      ]
    },
    "@smithy/config-resolver@4.1.4": {
      "integrity": "sha512-prmU+rDddxHOH0oNcwemL+SwnzcG65sBF2yXRO7aeXIn/xTlq2pX7JLVbkBnVLowHLg4/OL4+jBmv9hVrVGS+w==",
      "dependencies": [
        "@smithy/node-config-provider",
        "@smithy/types",
        "@smithy/util-config-provider",
        "@smithy/util-middleware",
        "tslib"
      ]
    },
    "@smithy/core@3.7.1": {
      "integrity": "sha512-ExRCsHnXFtBPnM7MkfKBPcBBdHw1h/QS/cbNw4ho95qnyNHvnpmGbR39MIAv9KggTr5qSPxRSEL+hRXlyGyGQw==",
      "dependencies": [
        "@smithy/middleware-serde",
        "@smithy/protocol-http",
        "@smithy/types",
        "@smithy/util-base64",
        "@smithy/util-body-length-browser",
        "@smithy/util-middleware",
        "@smithy/util-stream",
        "@smithy/util-utf8@4.0.0",
        "tslib"
      ]
    },
    "@smithy/credential-provider-imds@4.0.6": {
      "integrity": "sha512-hKMWcANhUiNbCJouYkZ9V3+/Qf9pteR1dnwgdyzR09R4ODEYx8BbUysHwRSyex4rZ9zapddZhLFTnT4ZijR4pw==",
      "dependencies": [
        "@smithy/node-config-provider",
        "@smithy/property-provider",
        "@smithy/types",
        "@smithy/url-parser",
        "tslib"
      ]
    },
    "@smithy/fetch-http-handler@5.1.0": {
      "integrity": "sha512-mADw7MS0bYe2OGKkHYMaqarOXuDwRbO6ArD91XhHcl2ynjGCFF+hvqf0LyQcYxkA1zaWjefSkU7Ne9mqgApSgQ==",
      "dependencies": [
        "@smithy/protocol-http",
        "@smithy/querystring-builder",
        "@smithy/types",
        "@smithy/util-base64",
        "tslib"
      ]
    },
    "@smithy/hash-node@4.0.4": {
      "integrity": "sha512-qnbTPUhCVnCgBp4z4BUJUhOEkVwxiEi1cyFM+Zj6o+aY8OFGxUQleKWq8ltgp3dujuhXojIvJWdoqpm6dVO3lQ==",
      "dependencies": [
        "@smithy/types",
        "@smithy/util-buffer-from@4.0.0",
        "@smithy/util-utf8@4.0.0",
        "tslib"
      ]
    },
    "@smithy/invalid-dependency@4.0.4": {
      "integrity": "sha512-bNYMi7WKTJHu0gn26wg8OscncTt1t2b8KcsZxvOv56XA6cyXtOAAAaNP7+m45xfppXfOatXF3Sb1MNsLUgVLTw==",
      "dependencies": [
        "@smithy/types",
        "tslib"
      ]
    },
    "@smithy/is-array-buffer@2.2.0": {
      "integrity": "sha512-GGP3O9QFD24uGeAXYUjwSTXARoqpZykHadOmA8G5vfJPK0/DC67qa//0qvqrJzL1xc8WQWX7/yc7fwudjPHPhA==",
      "dependencies": [
        "tslib"
      ]
    },
    "@smithy/is-array-buffer@4.0.0": {
      "integrity": "sha512-saYhF8ZZNoJDTvJBEWgeBccCg+yvp1CX+ed12yORU3NilJScfc6gfch2oVb4QgxZrGUx3/ZJlb+c/dJbyupxlw==",
      "dependencies": [
        "tslib"
      ]
    },
    "@smithy/middleware-content-length@4.0.4": {
      "integrity": "sha512-F7gDyfI2BB1Kc+4M6rpuOLne5LOcEknH1n6UQB69qv+HucXBR1rkzXBnQTB2q46sFy1PM/zuSJOB532yc8bg3w==",
      "dependencies": [
        "@smithy/protocol-http",
        "@smithy/types",
        "tslib"
      ]
    },
    "@smithy/middleware-endpoint@4.1.16": {
      "integrity": "sha512-plpa50PIGLqzMR2ANKAw2yOW5YKS626KYKqae3atwucbz4Ve4uQ9K9BEZxDLIFmCu7hKLcrq2zmj4a+PfmUV5w==",
      "dependencies": [
        "@smithy/core",
        "@smithy/middleware-serde",
        "@smithy/node-config-provider",
        "@smithy/shared-ini-file-loader",
        "@smithy/types",
        "@smithy/url-parser",
        "@smithy/util-middleware",
        "tslib"
      ]
    },
    "@smithy/middleware-retry@4.1.17": {
      "integrity": "sha512-gsCimeG6BApj0SBecwa1Be+Z+JOJe46iy3B3m3A8jKJHf7eIihP76Is4LwLrbJ1ygoS7Vg73lfqzejmLOrazUA==",
      "dependencies": [
        "@smithy/node-config-provider",
        "@smithy/protocol-http",
        "@smithy/service-error-classification",
        "@smithy/smithy-client",
        "@smithy/types",
        "@smithy/util-middleware",
        "@smithy/util-retry",
        "tslib",
        "uuid"
      ]
    },
    "@smithy/middleware-serde@4.0.8": {
      "integrity": "sha512-iSSl7HJoJaGyMIoNn2B7czghOVwJ9nD7TMvLhMWeSB5vt0TnEYyRRqPJu/TqW76WScaNvYYB8nRoiBHR9S1Ddw==",
      "dependencies": [
        "@smithy/protocol-http",
        "@smithy/types",
        "tslib"
      ]
    },
    "@smithy/middleware-stack@4.0.4": {
      "integrity": "sha512-kagK5ggDrBUCCzI93ft6DjteNSfY8Ulr83UtySog/h09lTIOAJ/xUSObutanlPT0nhoHAkpmW9V5K8oPyLh+QA==",
      "dependencies": [
        "@smithy/types",
        "tslib"
      ]
    },
    "@smithy/node-config-provider@4.1.3": {
      "integrity": "sha512-HGHQr2s59qaU1lrVH6MbLlmOBxadtzTsoO4c+bF5asdgVik3I8o7JIOzoeqWc5MjVa+vD36/LWE0iXKpNqooRw==",
      "dependencies": [
        "@smithy/property-provider",
        "@smithy/shared-ini-file-loader",
        "@smithy/types",
        "tslib"
      ]
    },
    "@smithy/node-http-handler@4.1.0": {
      "integrity": "sha512-vqfSiHz2v8b3TTTrdXi03vNz1KLYYS3bhHCDv36FYDqxT7jvTll1mMnCrkD+gOvgwybuunh/2VmvOMqwBegxEg==",
      "dependencies": [
        "@smithy/abort-controller",
        "@smithy/protocol-http",
        "@smithy/querystring-builder",
        "@smithy/types",
        "tslib"
      ]
    },
    "@smithy/property-provider@4.0.4": {
      "integrity": "sha512-qHJ2sSgu4FqF4U/5UUp4DhXNmdTrgmoAai6oQiM+c5RZ/sbDwJ12qxB1M6FnP+Tn/ggkPZf9ccn4jqKSINaquw==",
      "dependencies": [
        "@smithy/types",
        "tslib"
      ]
    },
    "@smithy/protocol-http@5.1.2": {
      "integrity": "sha512-rOG5cNLBXovxIrICSBm95dLqzfvxjEmuZx4KK3hWwPFHGdW3lxY0fZNXfv2zebfRO7sJZ5pKJYHScsqopeIWtQ==",
      "dependencies": [
        "@smithy/types",
        "tslib"
      ]
    },
    "@smithy/querystring-builder@4.0.4": {
      "integrity": "sha512-SwREZcDnEYoh9tLNgMbpop+UTGq44Hl9tdj3rf+yeLcfH7+J8OXEBaMc2kDxtyRHu8BhSg9ADEx0gFHvpJgU8w==",
      "dependencies": [
        "@smithy/types",
        "@smithy/util-uri-escape",
        "tslib"
      ]
    },
    "@smithy/querystring-parser@4.0.4": {
      "integrity": "sha512-6yZf53i/qB8gRHH/l2ZwUG5xgkPgQF15/KxH0DdXMDHjesA9MeZje/853ifkSY0x4m5S+dfDZ+c4x439PF0M2w==",
      "dependencies": [
        "@smithy/types",
        "tslib"
      ]
    },
    "@smithy/service-error-classification@4.0.6": {
      "integrity": "sha512-RRoTDL//7xi4tn5FrN2NzH17jbgmnKidUqd4KvquT0954/i6CXXkh1884jBiunq24g9cGtPBEXlU40W6EpNOOg==",
      "dependencies": [
        "@smithy/types"
      ]
    },
    "@smithy/shared-ini-file-loader@4.0.4": {
      "integrity": "sha512-63X0260LoFBjrHifPDs+nM9tV0VMkOTl4JRMYNuKh/f5PauSjowTfvF3LogfkWdcPoxsA9UjqEOgjeYIbhb7Nw==",
      "dependencies": [
        "@smithy/types",
        "tslib"
      ]
    },
    "@smithy/signature-v4@5.1.2": {
      "integrity": "sha512-d3+U/VpX7a60seHziWnVZOHuEgJlclufjkS6zhXvxcJgkJq4UWdH5eOBLzHRMx6gXjsdT9h6lfpmLzbrdupHgQ==",
      "dependencies": [
        "@smithy/is-array-buffer@4.0.0",
        "@smithy/protocol-http",
        "@smithy/types",
        "@smithy/util-hex-encoding",
        "@smithy/util-middleware",
        "@smithy/util-uri-escape",
        "@smithy/util-utf8@4.0.0",
        "tslib"
      ]
    },
    "@smithy/smithy-client@4.4.8": {
      "integrity": "sha512-pcW691/lx7V54gE+dDGC26nxz8nrvnvRSCJaIYD6XLPpOInEZeKdV/SpSux+wqeQ4Ine7LJQu8uxMvobTIBK0w==",
      "dependencies": [
        "@smithy/core",
        "@smithy/middleware-endpoint",
        "@smithy/middleware-stack",
        "@smithy/protocol-http",
        "@smithy/types",
        "@smithy/util-stream",
        "tslib"
      ]
    },
    "@smithy/types@4.3.1": {
      "integrity": "sha512-UqKOQBL2x6+HWl3P+3QqFD4ncKq0I8Nuz9QItGv5WuKuMHuuwlhvqcZCoXGfc+P1QmfJE7VieykoYYmrOoFJxA==",
      "dependencies": [
        "tslib"
      ]
    },
    "@smithy/url-parser@4.0.4": {
      "integrity": "sha512-eMkc144MuN7B0TDA4U2fKs+BqczVbk3W+qIvcoCY6D1JY3hnAdCuhCZODC+GAeaxj0p6Jroz4+XMUn3PCxQQeQ==",
      "dependencies": [
        "@smithy/querystring-parser",
        "@smithy/types",
        "tslib"
      ]
    },
    "@smithy/util-base64@4.0.0": {
      "integrity": "sha512-CvHfCmO2mchox9kjrtzoHkWHxjHZzaFojLc8quxXY7WAAMAg43nuxwv95tATVgQFNDwd4M9S1qFzj40Ul41Kmg==",
      "dependencies": [
        "@smithy/util-buffer-from@4.0.0",
        "@smithy/util-utf8@4.0.0",
        "tslib"
      ]
    },
    "@smithy/util-body-length-browser@4.0.0": {
      "integrity": "sha512-sNi3DL0/k64/LO3A256M+m3CDdG6V7WKWHdAiBBMUN8S3hK3aMPhwnPik2A/a2ONN+9doY9UxaLfgqsIRg69QA==",
      "dependencies": [
        "tslib"
      ]
    },
    "@smithy/util-body-length-node@4.0.0": {
      "integrity": "sha512-q0iDP3VsZzqJyje8xJWEJCNIu3lktUGVoSy1KB0UWym2CL1siV3artm+u1DFYTLejpsrdGyCSWBdGNjJzfDPjg==",
      "dependencies": [
        "tslib"
      ]
    },
    "@smithy/util-buffer-from@2.2.0": {
      "integrity": "sha512-IJdWBbTcMQ6DA0gdNhh/BwrLkDR+ADW5Kr1aZmd4k3DIF6ezMV4R2NIAmT08wQJ3yUK82thHWmC/TnK/wpMMIA==",
      "dependencies": [
        "@smithy/is-array-buffer@2.2.0",
        "tslib"
      ]
    },
    "@smithy/util-buffer-from@4.0.0": {
      "integrity": "sha512-9TOQ7781sZvddgO8nxueKi3+yGvkY35kotA0Y6BWRajAv8jjmigQ1sBwz0UX47pQMYXJPahSKEKYFgt+rXdcug==",
      "dependencies": [
        "@smithy/is-array-buffer@4.0.0",
        "tslib"
      ]
    },
    "@smithy/util-config-provider@4.0.0": {
      "integrity": "sha512-L1RBVzLyfE8OXH+1hsJ8p+acNUSirQnWQ6/EgpchV88G6zGBTDPdXiiExei6Z1wR2RxYvxY/XLw6AMNCCt8H3w==",
      "dependencies": [
        "tslib"
      ]
    },
    "@smithy/util-defaults-mode-browser@4.0.24": {
      "integrity": "sha512-UkQNgaQ+bidw1MgdgPO1z1k95W/v8Ej/5o/T/Is8PiVUYPspl/ZxV6WO/8DrzZQu5ULnmpB9CDdMSRwgRc21AA==",
      "dependencies": [
        "@smithy/property-provider",
        "@smithy/smithy-client",
        "@smithy/types",
        "bowser",
        "tslib"
      ]
    },
    "@smithy/util-defaults-mode-node@4.0.24": {
      "integrity": "sha512-phvGi/15Z4MpuQibTLOYIumvLdXb+XIJu8TA55voGgboln85jytA3wiD7CkUE8SNcWqkkb+uptZKPiuFouX/7g==",
      "dependencies": [
        "@smithy/config-resolver",
        "@smithy/credential-provider-imds",
        "@smithy/node-config-provider",
        "@smithy/property-provider",
        "@smithy/smithy-client",
        "@smithy/types",
        "tslib"
      ]
    },
    "@smithy/util-endpoints@3.0.6": {
      "integrity": "sha512-YARl3tFL3WgPuLzljRUnrS2ngLiUtkwhQtj8PAL13XZSyUiNLQxwG3fBBq3QXFqGFUXepIN73pINp3y8c2nBmA==",
      "dependencies": [
        "@smithy/node-config-provider",
        "@smithy/types",
        "tslib"
      ]
    },
    "@smithy/util-hex-encoding@4.0.0": {
      "integrity": "sha512-Yk5mLhHtfIgW2W2WQZWSg5kuMZCVbvhFmC7rV4IO2QqnZdbEFPmQnCcGMAX2z/8Qj3B9hYYNjZOhWym+RwhePw==",
      "dependencies": [
        "tslib"
      ]
    },
    "@smithy/util-middleware@4.0.4": {
      "integrity": "sha512-9MLKmkBmf4PRb0ONJikCbCwORACcil6gUWojwARCClT7RmLzF04hUR4WdRprIXal7XVyrddadYNfp2eF3nrvtQ==",
      "dependencies": [
        "@smithy/types",
        "tslib"
      ]
    },
    "@smithy/util-retry@4.0.6": {
      "integrity": "sha512-+YekoF2CaSMv6zKrA6iI/N9yva3Gzn4L6n35Luydweu5MMPYpiGZlWqehPHDHyNbnyaYlz/WJyYAZnC+loBDZg==",
      "dependencies": [
        "@smithy/service-error-classification",
        "@smithy/types",
        "tslib"
      ]
    },
    "@smithy/util-stream@4.2.3": {
      "integrity": "sha512-cQn412DWHHFNKrQfbHY8vSFI3nTROY1aIKji9N0tpp8gUABRilr7wdf8fqBbSlXresobM+tQFNk6I+0LXK/YZg==",
      "dependencies": [
        "@smithy/fetch-http-handler",
        "@smithy/node-http-handler",
        "@smithy/types",
        "@smithy/util-base64",
        "@smithy/util-buffer-from@4.0.0",
        "@smithy/util-hex-encoding",
        "@smithy/util-utf8@4.0.0",
        "tslib"
      ]
    },
    "@smithy/util-uri-escape@4.0.0": {
      "integrity": "sha512-77yfbCbQMtgtTylO9itEAdpPXSog3ZxMe09AEhm0dU0NLTalV70ghDZFR+Nfi1C60jnJoh/Re4090/DuZh2Omg==",
      "dependencies": [
        "tslib"
      ]
    },
    "@smithy/util-utf8@2.3.0": {
      "integrity": "sha512-R8Rdn8Hy72KKcebgLiv8jQcQkXoLMOGGv5uI1/k0l+snqkOzQ1R0ChUBCxWMlBsFMekWjq0wRudIweFs7sKT5A==",
      "dependencies": [
        "@smithy/util-buffer-from@2.2.0",
        "tslib"
      ]
    },
    "@smithy/util-utf8@4.0.0": {
      "integrity": "sha512-b+zebfKCfRdgNJDknHCob3O7FpeYQN6ZG6YLExMcasDHsCXlsXCEuiPZeLnJLpwa5dvPetGlnGCiMHuLwGvFow==",
      "dependencies": [
        "@smithy/util-buffer-from@4.0.0",
        "tslib"
      ]
    },
    "@smithy/util-waiter@4.0.6": {
      "integrity": "sha512-slcr1wdRbX7NFphXZOxtxRNA7hXAAtJAXJDE/wdoMAos27SIquVCKiSqfB6/28YzQ8FCsB5NKkhdM5gMADbqxg==",
      "dependencies": [
        "@smithy/abort-controller",
        "@smithy/types",
        "tslib"
      ]
    },
    "@types/node@22.15.15": {
      "integrity": "sha512-R5muMcZob3/Jjchn5LcO8jdKwSCbzqmPB6ruBxMcf9kbxtniZHP327s6C37iOfuw8mbKK3cAQa7sEl7afLrQ8A==",
      "dependencies": [
        "undici-types"
      ]
    },
    "@types/uuid@9.0.8": {
      "integrity": "sha512-jg+97EGIcY9AGHJJRaaPVgetKDsrTgbRjQ5Msgjh/DQKEFl0DtyRr/VCOyD1T2R1MNeWPK/u7JoGhlDZnKBAfA=="
    },
    "bowser@2.11.0": {
      "integrity": "sha512-AlcaJBi/pqqJBIQ8U9Mcpc9i8Aqxn88Skv5d+xBX006BY5u8N3mGLHa5Lgppa7L/HfwgwLgZ6NYs+Ag6uUmJRA=="
    },
    "custom-metrics@1.0.5_@aws-sdk+client-dynamodb@3.848.0": {
      "integrity": "sha512-5LOTCd5nCE95HQS3rSHm9yAcnLGdjlbWpvFafdAd9oAnTeVkfQcN8rZgizSZJD9z+5LF5VYt6moeuvbyHQshIQ==",
      "dependencies": [
        "@aws-sdk/client-dynamodb",
        "@aws-sdk/util-dynamodb"
      ]
    },
    "dynamodb-onetable@2.7.7_@aws-sdk+client-dynamodb@3.848.0": {
      "integrity": "sha512-yugIXk9XO1mnwKyqIuPnIQMg0uXaE6p/dNjEcxVePPnwjaAL+iHxnJ33dv8a//Q1Tug/qbeduaZDpUYjlTyKLw==",
      "dependencies": [
        "@aws-sdk/client-dynamodb",
        "@aws-sdk/util-dynamodb",
        "custom-metrics"
      ]
    },
    "fast-xml-parser@5.2.5": {
      "integrity": "sha512-pfX9uG9Ki0yekDHx2SiuRIyFdyAr1kMIMitPvb0YBo8SUfKvia7w7FIyd/l6av85pFYRhZscS75MwMnbvY+hcQ==",
      "dependencies": [
        "strnum"
      ],
      "bin": true
    },
    "mnemonist@0.38.3": {
      "integrity": "sha512-2K9QYubXx/NAjv4VLq1d1Ly8pWNC5L3BrixtdkyTegXWJIqY+zLNDhhX/A+ZwWt70tB1S8H4BE8FLYEFyNoOBw==",
      "dependencies": [
        "obliterator"
      ]
    },
    "obliterator@1.6.1": {
      "integrity": "sha512-9WXswnqINnnhOG/5SLimUlzuU1hFJUc8zkwyD59Sd+dPOMf05PmnYG/d6Q7HZ+KmgkZJa1PxRso6QdM3sTNHig=="
    },
    "strnum@2.1.1": {
      "integrity": "sha512-7ZvoFTiCnGxBtDqJ//Cu6fWtZtc7Y3x+QOirG15wztbdngGSkht27o2pyGWrVy0b4WAy3jbKmnoK6g5VlVNUUw=="
    },
    "tslib@2.8.1": {
      "integrity": "sha512-oJFu94HQb+KVduSUQL7wnpmqnfmLsOA/nAh6b6EH0wCEoK0/mPeXU6c3wKDV83MkOuHPRHtSXKKU99IBazS/2w=="
    },
    "undici-types@6.21.0": {
      "integrity": "sha512-iwDZqg0QAGrg9Rav5H4n0M64c3mkR59cJ6wQp+7C4nI0gsmExaedaYLNO44eT4AtBBwjbTiGPMlt2Md0T9H9JQ=="
    },
    "uuid@9.0.1": {
      "integrity": "sha512-b+1eJOlsR9K8HJpow9Ok3fiWOWSIcIzXodvv0rQjVoOVNpWMpxf1wZNpt4y9h10odCNrqnYp1OBzRktckBe3sA==",
      "bin": true
    },
    "zod@3.25.76": {
      "integrity": "sha512-gzUt/qt81nXsFGKIFcC3YnfEAx5NkunCfnDlvuBSSFS02bcXu4Lmea0AFIUwbLWxWPx3d9p8S5QoaujKcNQxcQ=="
    },
    "zod@4.0.15": {
      "integrity": "sha512-2IVHb9h4Mt6+UXkyMs0XbfICUh1eUrlJJAOupBHUhLRnKkruawyDddYRCs0Eizt900ntIMk9/4RksYl+FgSpcQ=="
    }
  },
  "redirects": {
    "https://esm.sh/dotenv@^16.5.0": "https://esm.sh/dotenv@16.6.1",
    "https://esm.sh/openai@^5.12.0": "https://esm.sh/openai@5.12.0",
    "https://esm.sh/openai@^5.12.0/helpers/zod": "https://esm.sh/openai@5.12.0/helpers/zod",
    "https://esm.sh/zod@^3.23.8?target=denonext": "https://esm.sh/zod@3.25.76?target=denonext",
    "https://esm.sh/zod@^4.0.15": "https://esm.sh/zod@4.0.15",
    "https://esm.sh/zod@^4.0.15/types": "https://esm.sh/zod@4.0.15/types",
    "https://esm.sh/zod@^4.0.15/v4": "https://esm.sh/zod@4.0.15/v4",
    "https://esm.sh/zod@^4.0.15/v4/types": "https://esm.sh/zod@4.0.15/v4/types"
  },
  "remote": {
    "https://esm.sh/dotenv@16.5.0": "65fd0fbbbfdf70bd7ea372e965bcdc3f2210534a9da416eebe46e0a7430044cf",
    "https://esm.sh/dotenv@16.5.0/denonext/dotenv.mjs": "d7b94b81c72a4c32d887b14cef712fb2c1f71846137603ed972e1e3684da9717",
    "https://esm.sh/dotenv@16.5.0/package.json?module": "213a67852c32f772ec71a678abddf3fb1c7c4971cfe8e8d311421c443ef7673e",
    "https://esm.sh/dotenv@16.6.1": "efb42a8c3c1af522d3b5e2f2b081559c88a9cc8f616ed023fff1310a3fd4f93d",
    "https://esm.sh/dotenv@16.6.1/denonext/dotenv.mjs": "824e346f4a6dfa2402c5a12a3622bb1e89f4de5ce15eaf110eb7cd2ef9a3e13c",
    "https://esm.sh/dotenv@16.6.1/package.json?module": "88ce325fe891325239af2f4163f8ef5c38daaeb04325db26b340665c833e1779",
    "https://esm.sh/openai@5.12.0": "650c49dfe2019b01273f86a7d13b82d67eca3c1bea323e339d20be74d385cbbf",
    "https://esm.sh/openai@5.12.0/denonext/azure.mjs": "44214ec02c2557f7d3c8cec083653cecc387e5b101e58c1c89a61d15677dc1be",
    "https://esm.sh/openai@5.12.0/denonext/client.mjs": "bdc54faf9f23a038ab4d472e67ab4f76cbeab9ca86d24e0172fa88713b53ca04",
    "https://esm.sh/openai@5.12.0/denonext/core/api-promise.mjs": "0de6ed1a5868b146c3b2c851f4389dd7683099aab0eb1088e7ded270a8bac330",
    "https://esm.sh/openai@5.12.0/denonext/core/error.mjs": "476329ceff69145f32d3ba7c3dcb5b549adfe06f0c015e4fe8ed4f0d93385b23",
    "https://esm.sh/openai@5.12.0/denonext/core/pagination.mjs": "1951f6d8292cb048b3250b09a15c2df03a20899ab74f2d142c68ddf7062e5131",
    "https://esm.sh/openai@5.12.0/denonext/core/resource.mjs": "b53165c9b5336306cb03c89c03e1efe9b63ddaa76e60a6174b6fb8cbb2ff6379",
    "https://esm.sh/openai@5.12.0/denonext/core/streaming.mjs": "8485cb7c4784dff3e16c8fe5e5645dd98262f1e7620744912c175ac8c85e6680",
    "https://esm.sh/openai@5.12.0/denonext/core/uploads.mjs": "fe2e824ce409a6ca4744b18b4463797bd9c8d12d01dee2b992405b6f7c10dd69",
    "https://esm.sh/openai@5.12.0/denonext/error.mjs": "ca96cc0dce447e8b0079e6634f6302c9aefbee96081528975fb694bc99709679",
    "https://esm.sh/openai@5.12.0/denonext/helpers/zod.mjs": "fe1de4f194dfaae2543421b45815aafd0d3014eb020015e93febf0eadae3e32d",
    "https://esm.sh/openai@5.12.0/denonext/internal/errors.mjs": "baf8240af551520acb54e098c0abdf93040f29d762adc0e06c6a210d75ba9383",
    "https://esm.sh/openai@5.12.0/denonext/internal/headers.mjs": "f0f74250c50e408b1d1d28c1d65b7a9629fd7d15d2d4d9cc054909dbd8509d75",
    "https://esm.sh/openai@5.12.0/denonext/internal/parse.mjs": "121b36cbb381542c4d9fd6f9905ab3e5510ce49208681260ffe41b47c390a812",
    "https://esm.sh/openai@5.12.0/denonext/internal/shims.mjs": "552134c994186855350980b64b7cd8e0cc2e3144380b15a301f4cb8875da0538",
    "https://esm.sh/openai@5.12.0/denonext/internal/tslib.mjs": "228abad62d7f8b6edc80a107756e7696369d6e00595cad0c7416f53b974fba32",
    "https://esm.sh/openai@5.12.0/denonext/internal/uploads.mjs": "9fd71ffcaca28cf281f892ebc28824895dca395b71c15b1a54a6ce39e5cf607d",
    "https://esm.sh/openai@5.12.0/denonext/internal/utils.mjs": "05d17409dc85b360afa562c16499e809884a9262c4b2be28abf5ee8a6aa349d8",
    "https://esm.sh/openai@5.12.0/denonext/internal/utils/bytes.mjs": "9797f298c06003e74b62d2605afabb14cb3b876926f95cd37ecbaf58418c0be1",
    "https://esm.sh/openai@5.12.0/denonext/internal/utils/env.mjs": "2f14fa28b9190d30dd3cb42d825c8218af3e9408cf532cdf0764f280b9e4dd17",
    "https://esm.sh/openai@5.12.0/denonext/internal/utils/log.mjs": "f9acc25741cbd74f71e40082fe778e5fa3cfc11a0d5ebbbfb9602becc73e0b0c",
    "https://esm.sh/openai@5.12.0/denonext/internal/utils/path.mjs": "a3ef3e0a24f7249613299d94c77e1b8485ab58553cb24e208487303f575adaa1",
    "https://esm.sh/openai@5.12.0/denonext/internal/utils/sleep.mjs": "b4302459ef42d2193892b8caebe1ed9413a00b0a70b5eafc91c67581fbdcd4ad",
    "https://esm.sh/openai@5.12.0/denonext/internal/utils/uuid.mjs": "6e04172ef60a462aa1599375016b09b277e5b643291f0026e75fe8e9a12bbd7a",
    "https://esm.sh/openai@5.12.0/denonext/internal/utils/values.mjs": "0431b1c33d7acb89ee3be22f782ce2b281a3f79674c42e69b99d2ade78de00e6",
    "https://esm.sh/openai@5.12.0/denonext/lib/AbstractChatCompletionRunner.mjs": "a0aec3e7f1047e8439ad4d71655e2e26b289fc1cd3845308487e3b0af3a60a18",
    "https://esm.sh/openai@5.12.0/denonext/lib/EventStream.mjs": "98ee0b97530f93d618d96b97ee37b8af305f81969cef9968b7cc763e203c77ca",
    "https://esm.sh/openai@5.12.0/denonext/lib/RunnableFunction.mjs": "87a0032875e44404d3a7421d41ae66f38b759873c8e6dfa37359faacde484f7b",
    "https://esm.sh/openai@5.12.0/denonext/lib/chatCompletionUtils.mjs": "da333d9fff8626f5528e27ed8dd9c52b8095d0432dcc662d550833a6aaa4cac1",
    "https://esm.sh/openai@5.12.0/denonext/lib/parser.mjs": "f62ea7bd4bd260c51cd530ceb2778cf374f07a7e01067648d6ea479dda42046c",
    "https://esm.sh/openai@5.12.0/denonext/openai.mjs": "68b52ba5fe3d4b65de1bb0568e650fa9dec1fb5b00488649a2ffe31b010a3726",
    "https://esm.sh/openai@5.12.0/denonext/resources/audio/audio.mjs": "5f9b2511e692ad37f1dad407e9b023e693edbc73b2c6678c97ce342bf6d39d95",
    "https://esm.sh/openai@5.12.0/denonext/resources/batches.mjs": "9b488a4a62dde3eb8497be7aa750d3627a2cb4d259cdd90cb20e20e3ebcf1be5",
    "https://esm.sh/openai@5.12.0/denonext/resources/beta/beta.mjs": "5cdd760cc4298b4331b73f4d55bbe76521e8fc79bcb4b270a6efc53c00feca52",
    "https://esm.sh/openai@5.12.0/denonext/resources/chat/chat.mjs": "0427b0bc88848445056868a6f32370e42708ae13a67d03720ca0d82091b8b6e3",
    "https://esm.sh/openai@5.12.0/denonext/resources/chat/completions/index.mjs": "264abb1a0a8977a46bd01f37d5a7c71cff13a26b3a4bfc373dbd4ff095c6860f",
    "https://esm.sh/openai@5.12.0/denonext/resources/completions.mjs": "3d8d8aad856c02dd8e3725f07de83f36ba08ac6a3b13e67a629c8273f3ec1903",
    "https://esm.sh/openai@5.12.0/denonext/resources/containers/containers.mjs": "dfc5c679ccf985cb21ed4f4af626dabd1b5e3b72b17809fe5563c3a3f55c1c8a",
    "https://esm.sh/openai@5.12.0/denonext/resources/embeddings.mjs": "f401d3030cb297c15939447d838a5c36350503ff1366ddc141db2496d72cb93a",
    "https://esm.sh/openai@5.12.0/denonext/resources/evals/evals.mjs": "510e31440c36a3bd309663c65c3c7a413f29456eff052f6cd867f52b9d50ab7c",
    "https://esm.sh/openai@5.12.0/denonext/resources/files.mjs": "90dbd23e3cb1d68683d1b635d5502078ab275194e3e715528491a6e2181e168b",
    "https://esm.sh/openai@5.12.0/denonext/resources/fine-tuning/fine-tuning.mjs": "b215e23d6f2886c9a765f5dfb5b8647e038d124262e48a99dbf230a38c80d935",
    "https://esm.sh/openai@5.12.0/denonext/resources/graders/graders.mjs": "843ec0ec996ee215d303195de7224343747967cb7b2673e2fbe0701578011ad4",
    "https://esm.sh/openai@5.12.0/denonext/resources/images.mjs": "22ee1f080f2a464b74194f3872fd7f8004c87ad21295083f3cc61b631a9923d5",
    "https://esm.sh/openai@5.12.0/denonext/resources/index.mjs": "7ec49c776f1e7679f0fa58457cc59e85d3584fbf61f2fdc4fc9770852a8993a5",
    "https://esm.sh/openai@5.12.0/denonext/resources/models.mjs": "296262dde23cc46a1ad70172262672b5f7829803da6b5b2d49f025626ff64d6c",
    "https://esm.sh/openai@5.12.0/denonext/resources/moderations.mjs": "41f549e60ed72bcc40f452263c8de95e8da8b770f772357973c9390820e335b9",
    "https://esm.sh/openai@5.12.0/denonext/resources/responses/responses.mjs": "42151b4a218d90baf87d8d088a6a51a23a92ee57a4c815d18c63f2794ed2bbea",
    "https://esm.sh/openai@5.12.0/denonext/resources/uploads/uploads.mjs": "01298ee2f4cd49fb78c50e9cd0162b1daf785f56b048617bc3c570444da4be51",
    "https://esm.sh/openai@5.12.0/denonext/resources/vector-stores/vector-stores.mjs": "5bbc6bee5d276606ce906f114301cf5e723cd080c22ab32fdb9aac78ee4f4afc",
    "https://esm.sh/openai@5.12.0/denonext/resources/webhooks.mjs": "6aadf132d37ec61cce1972fbaaa6c52a5fc24007963f3f13bb16a6d95bb82f32",
    "https://esm.sh/openai@5.12.0/denonext/streaming.mjs": "08a6e6e5e597f8e85e3c4da269ab7abcfa0b8598adb029a3639f40eef59bd64b",
    "https://esm.sh/openai@5.12.0/denonext/version.mjs": "838158f956d789a5773431ecd089d94e9c630c97c5c14a08d4294c47c17c7a02",
    "https://esm.sh/openai@5.12.0/helpers/zod": "5f02956f00313f7c5c58056812abfab90ca9601d7a2844bd4dee36fb7f21c522",
    "https://esm.sh/openai@5.2.0": "93d640f20084d20456a8d042ae9e7ca8c22db71febccd8ff539bf2991e0ab6a0",
    "https://esm.sh/openai@5.2.0/denonext/azure.mjs": "73f65d682745da42a4aa9ee53536bb18ee4d80732e228a60d4a4af400b42322a",
    "https://esm.sh/openai@5.2.0/denonext/client.mjs": "50fa4f4095eea901cdd6902941885ec8011ddbf753c5f9c0e6919bd9eec79a38",
    "https://esm.sh/openai@5.2.0/denonext/core/api-promise.mjs": "c435b05d3d16a2967ef6ab03ac14257c82096b954e256fcd33b841faa76b6b4d",
    "https://esm.sh/openai@5.2.0/denonext/core/error.mjs": "f6e38bb64b31d6aa28ef80e453e0fea6a940074968330c99deae8d8cb1ca9b3f",
    "https://esm.sh/openai@5.2.0/denonext/core/pagination.mjs": "71d21b4a096a0d816e08ad0137ed3b9e1095c2d94231d8cb3ff3c65b554ef9ea",
    "https://esm.sh/openai@5.2.0/denonext/core/resource.mjs": "fb8928322d3411e4d480ae1d350ecc14fe16d0b888037e4949d363d5b4846d32",
    "https://esm.sh/openai@5.2.0/denonext/core/streaming.mjs": "4b80f9bb7c8b2c5f0aa890a9a6ba7b4b06c10cce6d2a6edb33ef8ffabee866ae",
    "https://esm.sh/openai@5.2.0/denonext/core/uploads.mjs": "2dc57d2b487d369c6e73230ae2c094bd81bc5bda2aeb2ef06543b0fc7d98cc00",
    "https://esm.sh/openai@5.2.0/denonext/error.mjs": "76a93e3d4cae8ee5baf99bd05c6d568a2406d1b783a375a93a861d85eb5cc28f",
    "https://esm.sh/openai@5.2.0/denonext/internal/errors.mjs": "1de1225a06274f3a7f5f1ff51b8f432056613ed786a0bcb1ebe256531619984b",
    "https://esm.sh/openai@5.2.0/denonext/internal/headers.mjs": "9d66198188db0f678c214e5c775ffd90b85b17e53b442ef7844cc7b04052a414",
    "https://esm.sh/openai@5.2.0/denonext/internal/parse.mjs": "6a184400eb6ef8035854638d3562634fc49d0ffb8d90ed0d7ccca703b3c60141",
    "https://esm.sh/openai@5.2.0/denonext/internal/shims.mjs": "49b1728e735eb0ab4125cdc972ccc6f6d217677f3424a88043ab50a84ec12633",
    "https://esm.sh/openai@5.2.0/denonext/internal/tslib.mjs": "92ec4de8181e27102e6c6ed1203fee5d59eceb5fedfbcbf2c65f91f75971e2bf",
    "https://esm.sh/openai@5.2.0/denonext/internal/uploads.mjs": "db7a33a21beb5cb95271a82ffd77e375556ceec090061f96d91737c4061e63d3",
    "https://esm.sh/openai@5.2.0/denonext/internal/utils.mjs": "931d14b84125c5a2170668ecf95694dd15feb0ac40f10f2a94a3a240789129fa",
    "https://esm.sh/openai@5.2.0/denonext/internal/utils/bytes.mjs": "83303fa8fdc9a3dfa292dcf2c38b5018d3cc83a1f19d2cc88f06cdad522efb11",
    "https://esm.sh/openai@5.2.0/denonext/internal/utils/env.mjs": "33abad861e71dd1279f71e0a6f330fb6b56c178f89a2d7fe0f3af24d19e46cf5",
    "https://esm.sh/openai@5.2.0/denonext/internal/utils/log.mjs": "74e03c359e1b512ceffceace3addbba701401f88e4f9709959f502a14437434a",
    "https://esm.sh/openai@5.2.0/denonext/internal/utils/path.mjs": "9e817de97795eac7ad1384a4b2318361f7f8d4d66fa4d60199370b7cdd993065",
    "https://esm.sh/openai@5.2.0/denonext/internal/utils/sleep.mjs": "9d8f4ee2c576281b3d05e7e81acb7ab5fab74a353a2ae757ee8dcc14ed6ae45a",
    "https://esm.sh/openai@5.2.0/denonext/internal/utils/uuid.mjs": "592a9ff0d8ade24010025f3d60a2e81b17ed6fc39fe9e458d2472582c03bb679",
    "https://esm.sh/openai@5.2.0/denonext/internal/utils/values.mjs": "e03793cc6d6ddc6b060ffb64d6cd34acc36323898a342347f1b22bff5c6167a9",
    "https://esm.sh/openai@5.2.0/denonext/lib/AbstractChatCompletionRunner.mjs": "4f52586c1e92e01d67be8a3ce7197138c2586f50a27600ac73db80d859820772",
    "https://esm.sh/openai@5.2.0/denonext/lib/EventStream.mjs": "0a1374eeea8bfe7d3bb36bd2afede62af1ed1f6c6fc0631350c5af76c6dd6b70",
    "https://esm.sh/openai@5.2.0/denonext/lib/RunnableFunction.mjs": "ea4095ed3e75c2eb707b67b4e67de7f815286c3066c6e3fa6ed78fd6733c145d",
    "https://esm.sh/openai@5.2.0/denonext/lib/chatCompletionUtils.mjs": "d3735ddcf61cb461a2d714c33079e6c71e0932ce242e7b2201da14ff9b034183",
    "https://esm.sh/openai@5.2.0/denonext/lib/parser.mjs": "5f020493789dea27609abdb85f981c848333036f00060e9cf1696e2f639aff2a",
    "https://esm.sh/openai@5.2.0/denonext/openai.mjs": "27697987261be805b4664ed4a6f4ee313609460cf296b523de8c4129c5aef87b",
    "https://esm.sh/openai@5.2.0/denonext/resources/audio/audio.mjs": "e2a6ce301026fc1be12cbb85f17ea035dcd8c571d661fb139ff4e42750bb8bb1",
    "https://esm.sh/openai@5.2.0/denonext/resources/batches.mjs": "8eaf1b4a89094892252e3f3f4a05808f7003e4ca69d75672b616ad321abc6576",
    "https://esm.sh/openai@5.2.0/denonext/resources/beta/beta.mjs": "a4b28a9c66d2597867c61692afbfa8257417a96b8da21e683a418c512566dea5",
    "https://esm.sh/openai@5.2.0/denonext/resources/chat/chat.mjs": "1efb05af27dab716dc981a2c03cffe938b96fe738ebf386e6e7d79142cc76737",
    "https://esm.sh/openai@5.2.0/denonext/resources/chat/completions/index.mjs": "6546da09e2d4ad375a1e7d11ed65dc422bd999b2ae443075246e630e68d253de",
    "https://esm.sh/openai@5.2.0/denonext/resources/completions.mjs": "ddf8142a3bb9fc9955852204e8745b83683ee1131a30bb1f42723f44be81e207",
    "https://esm.sh/openai@5.2.0/denonext/resources/containers/containers.mjs": "eaa02dcc2370ff1a39406a49585405985e86c4de02bab955bbed9ae774663c2a",
    "https://esm.sh/openai@5.2.0/denonext/resources/embeddings.mjs": "4a3f2319b6f19be867fa9959a4bb4829a0cee6b9c0f656ce3d4bfc1c17f349a4",
    "https://esm.sh/openai@5.2.0/denonext/resources/evals/evals.mjs": "42e77f9e1a01973a9c0a19a57fbf1fac83860701dc128af3057fcaadadadcc9d",
    "https://esm.sh/openai@5.2.0/denonext/resources/files.mjs": "d1b2d19988378796ac7468bf9871695a9455cec67de23343219a22ceb6b145d7",
    "https://esm.sh/openai@5.2.0/denonext/resources/fine-tuning/fine-tuning.mjs": "d3ea3b79e6f735890b3556bf3d920eafc3d8343ea867d12ec1852d885d692fbf",
    "https://esm.sh/openai@5.2.0/denonext/resources/graders/graders.mjs": "6bffc86ba46d2de88bb27669bb7b8b683906360efafe8481a7320b8d45656c68",
    "https://esm.sh/openai@5.2.0/denonext/resources/images.mjs": "f5ed3515ae2f950ea7b7c3d8ed74708c7bee5d76af7300f0ed31bcb7f98b7972",
    "https://esm.sh/openai@5.2.0/denonext/resources/index.mjs": "fc84a107047222bce3a54d4f826b77a7b0936fe7d38584e4e41d4c5f4394e39b",
    "https://esm.sh/openai@5.2.0/denonext/resources/models.mjs": "2d048ba581e58fc51d5f198ad9b7ae8c729683e53499298a83a9462f433f400a",
    "https://esm.sh/openai@5.2.0/denonext/resources/moderations.mjs": "c73a9c922e8f7b11e653228a6e1ade94ef1bc562826f86b54b265790bdebe3bb",
    "https://esm.sh/openai@5.2.0/denonext/resources/responses/responses.mjs": "7433252d3eb01e07485afbe6ef7e1c9341301a531e12c370da8c077b5434f853",
    "https://esm.sh/openai@5.2.0/denonext/resources/uploads/uploads.mjs": "64ce4a64edd194fca3a64d60f78e930f3b5f4deaef4b52fe690427fe41af3cc8",
    "https://esm.sh/openai@5.2.0/denonext/resources/vector-stores/vector-stores.mjs": "7fa8bff990cdc5be4657df43d11baab12bd488ca4d8aa844275920dc999b7448",
    "https://esm.sh/openai@5.2.0/denonext/streaming.mjs": "909e6f5075d2f950c6a7aba2652c17ff5c69a23dc7e7f09b61ecdb3039bfe094",
    "https://esm.sh/openai@5.2.0/denonext/version.mjs": "7c0211035c72e699547db49f73c9815243d951ed19524e86776cab01f6ab04c4",
    "https://esm.sh/zod@3.25.76/denonext/v3/index.mjs": "5ed4b8e41b25fdbf72bec4f8d6a6499b21caa06ca7422db85f2c801808a2aa54",
    "https://esm.sh/zod@3.25.76/denonext/zod.mjs": "9f643d0cc560840b7fa3b6e6fc3a5a41595f12ff8863cac0ccbae3ec98989284",
    "https://esm.sh/zod@3.25.76/v3/index.js": "9116253277bf74941f387df5d9f921369b3a2a7e878f22b330d503dcce80b16e",
    "https://esm.sh/zod@3.25.76?target=denonext": "7d2e5b7450d6f99b9b3b228958bd1291d5a1f8378f82b8cdd2ce83b2f14961c2",
    "https://esm.sh/zod@4.0.15": "8f5356676080c7a672885f52568fca659af069a035dce2c7e8a5c2e7df53a25a",
    "https://esm.sh/zod@4.0.15/denonext/v4.mjs": "3992776e285e1f31350f15d321e518880801da1d3dd9617498b7aa27eeadd659",
    "https://esm.sh/zod@4.0.15/denonext/v4/core.mjs": "215316dacca916a8c26e03ac295e418a961ace1501180a4fb4fc977e6cac8365",
    "https://esm.sh/zod@4.0.15/denonext/v4/locales.mjs": "7c290af70dfe5b863e91420da541af99e2303b06e2e1c03da57471c725e0c31f",
    "https://esm.sh/zod@4.0.15/denonext/zod.mjs": "98cef985c5ce0b18ea1696a3396b32835217e422b02e4da1da8ed75222e30ee3",
    "https://esm.sh/zod@4.0.15/v4": "1fe6fd7db9a034ca09fd0eacb257e41e81911aeadb9d435d604df0faa3488dcc"
  },
  "workspace": {
    "dependencies": [
      "jsr:@openai/openai@^5.12.1",
      "npm:zod@^4.0.15"
    ]
  }
}
